Microsoft Visual Studio Solution File, Format Version 11.00
# Visual Studio 2008

Project("{5129A639-9884-390D-DD5F-A396B95F7D89}") = "SSAdManager-iOS", "Assembly-CSharp-firstpass-vs.csproj", "{7EEEFD59-32D1-3154-7D47-3D1A5FD52F7B}"
EndProject
Project("{5129A639-9884-390D-DD5F-A396B95F7D89}") = "SSAdManager-iOS", "Assembly-CSharp-vs.csproj", "{23C83879-BBAD-1A67-DD5B-589F41A67364}"
EndProject
Project("{5129A639-9884-390D-DD5F-A396B95F7D89}") = "SSAdManager-iOS", "Assembly-CSharp-Editor-vs.csproj", "{1A11B327-6AF9-E8B3-182A-0693F7971F92}"
EndProject
Global
	GlobalSection(SolutionConfigurationPlatforms) = preSolution
		Debug|Any CPU = Debug|Any CPU
		Release|Any CPU = Release|Any CPU
	EndGlobalSection
	GlobalSection(ProjectConfigurationPlatforms) = postSolution
		{7EEEFD59-32D1-3154-7D47-3D1A5FD52F7B}.Debug|Any CPU.ActiveCfg = Debug|Any CPU
		{7EEEFD59-32D1-3154-7D47-3D1A5FD52F7B}.Debug|Any CPU.Build.0 = Debug|Any CPU
		{7EEEFD59-32D1-3154-7D47-3D1A5FD52F7B}.Release|Any CPU.ActiveCfg = Release|Any CPU
		{7EEEFD59-32D1-3154-7D47-3D1A5FD52F7B}.Release|Any CPU.Build.0 = Release|Any CPU
		{23C83879-BBAD-1A67-DD5B-589F41A67364}.Debug|Any CPU.ActiveCfg = Debug|Any CPU
		{23C83879-BBAD-1A67-DD5B-589F41A67364}.Debug|Any CPU.Build.0 = Debug|Any CPU
		{23C83879-BBAD-1A67-DD5B-589F41A67364}.Release|Any CPU.ActiveCfg = Release|Any CPU
		{23C83879-BBAD-1A67-DD5B-589F41A67364}.Release|Any CPU.Build.0 = Release|Any CPU
		{1A11B327-6AF9-E8B3-182A-0693F7971F92}.Debug|Any CPU.ActiveCfg = Debug|Any CPU
		{1A11B327-6AF9-E8B3-182A-0693F7971F92}.Debug|Any CPU.Build.0 = Debug|Any CPU
		{1A11B327-6AF9-E8B3-182A-0693F7971F92}.Release|Any CPU.ActiveCfg = Release|Any CPU
		{1A11B327-6AF9-E8B3-182A-0693F7971F92}.Release|Any CPU.Build.0 = Release|Any CPU
	EndGlobalSection
	GlobalSection(SolutionProperties) = preSolution
		HideSolutionNode = FALSE
	EndGlobalSection
																														GlobalSection(MonoDevelopProperties) = preSolution
		StartupItem = Assembly-CSharp.csproj
		Policies = $0
		$0.TextStylePolicy = $1
		$1.inheritsSet = null
		$1.scope = text/x-csharp
		$0.CSharpFormattingPolicy = $2
		$2.inheritsSet = Mono
		$2.inheritsScope = text/x-csharp
		$2.scope = text/x-csharp
		$0.TextStylePolicy = $3
		$3.FileWidth = 120
		$3.TabWidth = 4
		$3.EolMarker = Unix
		$3.inheritsSet = Mono
		$3.inheritsScope = text/plain
		$3.scope = text/plain
	EndGlobalSection

EndGlobal
