// !$*UTF8*$!
{
	archiveVersion = 1;
	classes = {
	};
	objectVersion = 46;
	objects = {

/* Begin PBXBuildFile section */
		028F3037A64B4F8D8E003451 /* ChartBoostManager.mm in Sources */ = {isa = PBXBuildFile; fileRef = 92C22207E2A3494BBFDCFAF1 /* ChartBoostManager.mm */; };
		08B24F76137BFDFA00FBA309 /* iAd.framework in Frameworks */ = {isa = PBXBuildFile; fileRef = 08B24F75137BFDFA00FBA309 /* iAd.framework */; settings = {ATTRIBUTES = (Weak, ); }; };
		09A7F0B95F7C4CF08E04F8AA /* CoreData.framework in Frameworks */ = {isa = PBXBuildFile; fileRef = 64350B2B53E44EF78ECC432F /* CoreData.framework */; };
		0FEBB6AABADA46E99728BBA5 /* AdManager.mm in Sources */ = {isa = PBXBuildFile; fileRef = 43408B9DCD95498594DACE9C /* AdManager.mm */; };
		18FEF78AA0164B2FA5C4C2E2 /* vg_button_close.png in Resources */ = {isa = PBXBuildFile; fileRef = E8E3E47CB70C42719D81CA94 /* vg_button_close.png */; };
		1D60589F0D05DD5A006BFB54 /* Foundation.framework in Frameworks */ = {isa = PBXBuildFile; fileRef = 1D30AB110D05D00D00671497 /* Foundation.framework */; };
		2B88A279D8654D10A827CB28 /* MessageUI.framework in Frameworks */ = {isa = PBXBuildFile; fileRef = BDF5DEDCBC0A4884ADBB4AEC /* MessageUI.framework */; };
		2EE2217575FF4FFD9191BE74 /* AdMobBinding.m in Sources */ = {isa = PBXBuildFile; fileRef = 125C87348C524351A69610A3 /* AdMobBinding.m */; };
		2F1B722BE0D64F79AA34C54E /* libz.1.1.3.dylib in Frameworks */ = {isa = PBXBuildFile; fileRef = 0B30ED0EE1BF4EBD93973AE2 /* libz.1.1.3.dylib */; };
		4864215FA5804EB3ACCB8365 /* libvunglepub.a in Frameworks */ = {isa = PBXBuildFile; fileRef = 16D2F5002AB84C0591BF95A9 /* libvunglepub.a */; };
		499F31267B5B4371810EBDFF /* CoreTelephony.framework in Frameworks */ = {isa = PBXBuildFile; fileRef = 4E0950CAE2C84DFC9B248EB1 /* CoreTelephony.framework */; settings = {ATTRIBUTES = (Weak, ); }; };
		4CE5A782E8654C868AF76DE2 /* libGoogleAdMobAds.a in Frameworks */ = {isa = PBXBuildFile; fileRef = 4B4255F32BFD42F69E5243C0 /* libGoogleAdMobAds.a */; };
		52FE88D1666340689D37C53D /* AdSupport.framework in Frameworks */ = {isa = PBXBuildFile; fileRef = ACA9CA74878C44019202454D /* AdSupport.framework */; settings = {ATTRIBUTES = (Weak, ); }; };
		5682F4B20F3B34FF007A219C /* MediaPlayer.framework in Frameworks */ = {isa = PBXBuildFile; fileRef = 5682F4B10F3B34FF007A219C /* MediaPlayer.framework */; };
		5692F3DD0FA9D8E500EBA2F1 /* CoreLocation.framework in Frameworks */ = {isa = PBXBuildFile; fileRef = 5692F3DC0FA9D8E500EBA2F1 /* CoreLocation.framework */; };
		56B7959B1442E0F20026B3DD /* CoreGraphics.framework in Frameworks */ = {isa = PBXBuildFile; fileRef = 56B7959A1442E0F20026B3DD /* CoreGraphics.framework */; };
		56B7960F1442E1770026B3DD /* CoreMotion.framework in Frameworks */ = {isa = PBXBuildFile; fileRef = 56B795C11442E1100026B3DD /* CoreMotion.framework */; settings = {ATTRIBUTES = (Weak, ); }; };
		56B7961A1442E1B80026B3DD /* GameKit.framework in Frameworks */ = {isa = PBXBuildFile; fileRef = 56B796191442E1B80026B3DD /* GameKit.framework */; settings = {ATTRIBUTES = (Weak, ); }; };
		56BCBA390FCF049A0030C3B2 /* SystemConfiguration.framework in Frameworks */ = {isa = PBXBuildFile; fileRef = 56BCBA380FCF049A0030C3B2 /* SystemConfiguration.framework */; };
		56DBF99D15E3CDC9007A4A8D /* iPhone_Sensors.mm in Sources */ = {isa = PBXBuildFile; fileRef = 56DBF99C15E3CDC9007A4A8D /* iPhone_Sensors.mm */; };
		56FD43960ED4745200FE3770 /* CFNetwork.framework in Frameworks */ = {isa = PBXBuildFile; fileRef = 56FD43950ED4745200FE3770 /* CFNetwork.framework */; };
		580FABF3BCDA4761A43A716C /* libFlurry.a in Frameworks */ = {isa = PBXBuildFile; fileRef = DBC1D3BB18D54E79AA75E469 /* libFlurry.a */; };
		670CE8CDA23746DBBA911F20 /* vg_button_mute_plain.png in Resources */ = {isa = PBXBuildFile; fileRef = 712484B3ACB948E8A13E139A /* vg_button_mute_plain.png */; };
		6FA58BCF881D415289A74023 /* TapjoyPublisherLibrary.a in Frameworks */ = {isa = PBXBuildFile; fileRef = CACA1B63213F44D0A18EB385 /* TapjoyPublisherLibrary.a */; };
		769994D5736D49F686D0868B /* libChartboost.a in Frameworks */ = {isa = PBXBuildFile; fileRef = FC6FC04453DA46A880AA6311 /* libChartboost.a */; };
		7F36C11113C5C673007FBDD9 /* CoreMedia.framework in Frameworks */ = {isa = PBXBuildFile; fileRef = 7F36C10E13C5C673007FBDD9 /* CoreMedia.framework */; };
		7F36C11213C5C673007FBDD9 /* CoreVideo.framework in Frameworks */ = {isa = PBXBuildFile; fileRef = 7F36C10F13C5C673007FBDD9 /* CoreVideo.framework */; };
		7F36C11313C5C673007FBDD9 /* AVFoundation.framework in Frameworks */ = {isa = PBXBuildFile; fileRef = 7F36C11013C5C673007FBDD9 /* AVFoundation.framework */; settings = {ATTRIBUTES = (Weak, ); }; };
		830B5C110E5ED4C100C7819F /* UIKit.framework in Frameworks */ = {isa = PBXBuildFile; fileRef = 830B5C100E5ED4C100C7819F /* UIKit.framework */; };
		8358D1B80ED1CC3700E3A684 /* AudioToolbox.framework in Frameworks */ = {isa = PBXBuildFile; fileRef = 8358D1B70ED1CC3700E3A684 /* AudioToolbox.framework */; };
		83B256E20E62FEA000468741 /* OpenGLES.framework in Frameworks */ = {isa = PBXBuildFile; fileRef = 83B256E10E62FEA000468741 /* OpenGLES.framework */; };
		83B2570B0E62FF8A00468741 /* QuartzCore.framework in Frameworks */ = {isa = PBXBuildFile; fileRef = 83B2570A0E62FF8A00468741 /* QuartzCore.framework */; };
		83B2574C0E63022200468741 /* OpenAL.framework in Frameworks */ = {isa = PBXBuildFile; fileRef = 83B2574B0E63022200468741 /* OpenAL.framework */; };
		83B2574F0E63025400468741 /* libiconv.2.dylib in Frameworks */ = {isa = PBXBuildFile; fileRef = 83B2574E0E63025400468741 /* libiconv.2.dylib */; };
		83DEA7430EACED0700D8A291 /* Default.png in Resources */ = {isa = PBXBuildFile; fileRef = 83DEA7410EACED0700D8A291 /* Default.png */; };
		83DEA7440EACED0700D8A291 /* Icon.png in Resources */ = {isa = PBXBuildFile; fileRef = 83DEA7420EACED0700D8A291 /* Icon.png */; };
		8400564A9BF14A239ABFE172 /* FlurryBinding.m in Sources */ = {isa = PBXBuildFile; fileRef = D69B182169E44095BBE560EB /* FlurryBinding.m */; };
		8A0FED491649699200E9727D /* EAGLContextHelper.mm in Sources */ = {isa = PBXBuildFile; fileRef = 8A0FED481649699200E9727D /* EAGLContextHelper.mm */; };
		8A142DC61636943E00DD87CA /* Keyboard.mm in Sources */ = {isa = PBXBuildFile; fileRef = 8A142DC51636943E00DD87CA /* Keyboard.mm */; };
		8A1FFFAD16512A9000DD0934 /* GlesHelper.mm in Sources */ = {isa = PBXBuildFile; fileRef = 8A1FFFAC16512A9000DD0934 /* GlesHelper.mm */; };
		8A21AED41622F59300AF8007 /* UnityViewControllerBase.mm in Sources */ = {isa = PBXBuildFile; fileRef = 8A21AED31622F59300AF8007 /* UnityViewControllerBase.mm */; };
		8A2EF43E138549090070AA2F /* iPhone_Profiler.cpp in Sources */ = {isa = PBXBuildFile; fileRef = 8A2EF43C138549090070AA2F /* iPhone_Profiler.cpp */; };
		8A3EDDC81615B7C1001839E9 /* SplashScreen.mm in Sources */ = {isa = PBXBuildFile; fileRef = 8A3EDDC71615B7C1001839E9 /* SplashScreen.mm */; };
		8A592F4B16176267006B38FC /* VideoViewController.mm in Sources */ = {isa = PBXBuildFile; fileRef = 8A592F4A16176267006B38FC /* VideoViewController.mm */; };
		8A5E0B9116849D1800CBB6FE /* DisplayManager.mm in Sources */ = {isa = PBXBuildFile; fileRef = 8A5E0B9016849D1800CBB6FE /* DisplayManager.mm */; };
		8A9EB22E156E5A25000DC2B4 /* iPhone_View.mm in Sources */ = {isa = PBXBuildFile; fileRef = 8A9EB22D156E5A25000DC2B4 /* iPhone_View.mm */; };
		8A9FCB131617295F00C05364 /* ActivityIndicator.mm in Sources */ = {isa = PBXBuildFile; fileRef = 8A9FCB121617295F00C05364 /* ActivityIndicator.mm */; };
		8AFA69D9161605E7009663A5 /* iPhone_OrientationSupport.mm in Sources */ = {isa = PBXBuildFile; fileRef = 8AFA69D8161605E7009663A5 /* iPhone_OrientationSupport.mm */; };
		956C7B4C790842F2A58335CA /* AdMobManager.mm in Sources */ = {isa = PBXBuildFile; fileRef = D113BA054D4746B0A84715AB /* AdMobManager.mm */; };
		A85FB57951F540C39F4C9F5E /* vg_button_mute_selected.png in Resources */ = {isa = PBXBuildFile; fileRef = 1C4A2D63671E41A39B047EFF /* vg_button_mute_selected.png */; };
		A93C3E29E848456BAE629626 /* ChartBoostBinding.m in Sources */ = {isa = PBXBuildFile; fileRef = C524F731789248879AC78730 /* ChartBoostBinding.m */; };
		AA0B20D9584B417081B14463 /* StoreKit.framework in Frameworks */ = {isa = PBXBuildFile; fileRef = 1DCC87802B2C465CB36BB197 /* StoreKit.framework */; };
		BC29D39ACDBC4FAD9A922D4A /* libAdapterIAd.a in Frameworks */ = {isa = PBXBuildFile; fileRef = 8073A5BCA92E4329BD0F66AD /* libAdapterIAd.a */; };
		D82DCFC10E8000A5005D6AD8 /* AppController.mm in Sources */ = {isa = PBXBuildFile; fileRef = D82DCFB70E8000A5005D6AD8 /* AppController.mm */; };
		D82DCFC30E8000A5005D6AD8 /* main.mm in Sources */ = {isa = PBXBuildFile; fileRef = D82DCFBB0E8000A5005D6AD8 /* main.mm */; };
		D82DCFC50E8000A5005D6AD8 /* RegisterClasses.cpp in Sources */ = {isa = PBXBuildFile; fileRef = D82DCFBD0E8000A5005D6AD8 /* RegisterClasses.cpp */; };
		D8A1C7000E80637F000160D4 /* Assembly-CSharp-firstpass.dll.s in Sources */ = {isa = PBXBuildFile; fileRef = D8A1C7000E80637F100160D4 /* Assembly-CSharp-firstpass.dll.s */; };
		D8A1C7001E80637F000160D4 /* Assembly-CSharp.dll.s in Sources */ = {isa = PBXBuildFile; fileRef = D8A1C7001E80637F100160D4 /* Assembly-CSharp.dll.s */; };
		D8A1C7002E80637F000160D4 /* LitJSON.dll.s in Sources */ = {isa = PBXBuildFile; fileRef = D8A1C7002E80637F100160D4 /* LitJSON.dll.s */; };
		D8A1C7003E80637F000160D4 /* Mono.Security.dll.s in Sources */ = {isa = PBXBuildFile; fileRef = D8A1C7003E80637F100160D4 /* Mono.Security.dll.s */; };
		D8A1C7004E80637F000160D4 /* P31RestKit.dll.s in Sources */ = {isa = PBXBuildFile; fileRef = D8A1C7004E80637F100160D4 /* P31RestKit.dll.s */; };
		D8A1C7005E80637F000160D4 /* System.Core.dll.s in Sources */ = {isa = PBXBuildFile; fileRef = D8A1C7005E80637F100160D4 /* System.Core.dll.s */; };
		D8A1C7006E80637F000160D4 /* System.Xml.dll.s in Sources */ = {isa = PBXBuildFile; fileRef = D8A1C7006E80637F100160D4 /* System.Xml.dll.s */; };
		D8A1C7007E80637F000160D4 /* System.dll.s in Sources */ = {isa = PBXBuildFile; fileRef = D8A1C7007E80637F100160D4 /* System.dll.s */; };
		D8A1C7008E80637F000160D4 /* UnityEngine.dll.s in Sources */ = {isa = PBXBuildFile; fileRef = D8A1C7008E80637F100160D4 /* UnityEngine.dll.s */; };
		D8A1C7009E80637F000160D4 /* mscorlib.dll.s in Sources */ = {isa = PBXBuildFile; fileRef = D8A1C7009E80637F100160D4 /* mscorlib.dll.s */; };
		D8A1C700aE80637F000160D4 /* PHUnityIntegration.mm in Sources */ = {isa = PBXBuildFile; fileRef = D8A1C700aE80637F100160D4 /* PHUnityIntegration.mm */; };
		D8A1C700bE80637F200160D4 /* RevMobAds.a in Frameworks */ = {isa = PBXBuildFile; fileRef = D8A1C700bE80637F100160D4 /* RevMobAds.a */; };
		D8A1C700cE80637F000160D4 /* RevMobUnityiOSBinding.m in Sources */ = {isa = PBXBuildFile; fileRef = D8A1C700cE80637F100160D4 /* RevMobUnityiOSBinding.m */; };
		D8A1C700dE80637F200160D4 /* libPlayHaven.a in Frameworks */ = {isa = PBXBuildFile; fileRef = D8A1C700dE80637F100160D4 /* libPlayHaven.a */; };
		D8A1C700eE80637F000160D4 /* Icon@2x.png in Sources */ = {isa = PBXBuildFile; fileRef = D8A1C700eE80637F100160D4 /* Icon@2x.png */; };
		D8A1C700fE80637F000160D4 /* Default@2x.png in Sources */ = {isa = PBXBuildFile; fileRef = D8A1C700fE80637F100160D4 /* Default@2x.png */; };
		D8A1C7010E80637F000160D4 /* Default-568h@2x.png in Sources */ = {isa = PBXBuildFile; fileRef = D8A1C7010E80637F100160D4 /* Default-568h@2x.png */; };
		D8A1C7011E80637F000160D4 /* Default-Landscape.png in Sources */ = {isa = PBXBuildFile; fileRef = D8A1C7011E80637F100160D4 /* Default-Landscape.png */; };
		D8A1C7012E80637F000160D4 /* Default-Portrait.png in Sources */ = {isa = PBXBuildFile; fileRef = D8A1C7012E80637F100160D4 /* Default-Portrait.png */; };
		D8A1C7013E80637F000160D4 /* Default-Landscape@2x.png in Sources */ = {isa = PBXBuildFile; fileRef = D8A1C7013E80637F100160D4 /* Default-Landscape@2x.png */; };
		D8A1C7014E80637F000160D4 /* Default-Portrait@2x.png in Sources */ = {isa = PBXBuildFile; fileRef = D8A1C7014E80637F100160D4 /* Default-Portrait@2x.png */; };
		D8A1C7015E80637F000160D4 /* Icon-72.png in Sources */ = {isa = PBXBuildFile; fileRef = D8A1C7015E80637F100160D4 /* Icon-72.png */; };
		D8A1C7016E80637F000160D4 /* Icon-144.png in Sources */ = {isa = PBXBuildFile; fileRef = D8A1C7016E80637F100160D4 /* Icon-144.png */; };
		D8A1C7280E80637F000160D3 /* RegisterMonoModules.cpp in Sources */ = {isa = PBXBuildFile; fileRef = D8A1C7240E80637F000160D3 /* RegisterMonoModules.cpp */; };
		D8A1C72B0E8063A1000160D3 /* libiPhone-lib.a in Frameworks */ = {isa = PBXBuildFile; fileRef = D8A1C72A0E8063A1000160D3 /* libiPhone-lib.a */; };
		D8FD3A741E2D432E97FE0BD6 /* JSONKit.m in Sources */ = {isa = PBXBuildFile; fileRef = EF1E8E135C994465A01A8CAE /* JSONKit.m */; settings = {COMPILER_FLAGS = "-w"; }; };
		DBB1B725C8FC465E90383F8E /* libFlurryAds.a in Frameworks */ = {isa = PBXBuildFile; fileRef = CA2B21E8CDF14426B85CCE90 /* libFlurryAds.a */; };
		DC06645D85A548088374AF29 /* FlurryManager.mm in Sources */ = {isa = PBXBuildFile; fileRef = 7C122A6F2CBE4B4FA4DF9BA0 /* FlurryManager.mm */; };
		DE3A92C736864734A9BD4261 /* TapjoyConnectPlugin.mm in Sources */ = {isa = PBXBuildFile; fileRef = AAFCADB3809B4FF9A803EA5B /* TapjoyConnectPlugin.mm */; };
		E70AA0276D774C298D3D04C1 /* VungleManager.mm in Sources */ = {isa = PBXBuildFile; fileRef = 1960BF0E4E31454E81712644 /* VungleManager.mm */; };
		F22A5275A09D4DD3925D6E85 /* AdBinding.m in Sources */ = {isa = PBXBuildFile; fileRef = FB39A484BECE4BAF9FE4F602 /* AdBinding.m */; };
		F4AE2651FEF947298F651CFA /* TapjoyResources.bundle in Resources */ = {isa = PBXBuildFile; fileRef = 888FF568141B44E486FC020F /* TapjoyResources.bundle */; };
		FB58AE36DECE4075B24D35CD /* VungleBinding.m in Sources */ = {isa = PBXBuildFile; fileRef = EFC635DB84604C4FB6FAC654 /* VungleBinding.m */; };
/* End PBXBuildFile section */

/* Begin PBXCopyFilesBuildPhase section */
		83D0C1FD0E6C8D7700EBCE5D /* CopyFiles */ = {
			isa = PBXCopyFilesBuildPhase;
			buildActionMask = 2147483647;
			dstPath = "";
			dstSubfolderSpec = 0;
			files = (
			);
			runOnlyForDeploymentPostprocessing = 0;
		};
/* End PBXCopyFilesBuildPhase section */

/* Begin PBXFileReference section */
		011174FD45654C14A9BA1985 /* FlurryCustomAdNetworkProperties.h */ = {isa = PBXFileReference; lastKnownFileType = sourcecode.c.h; name = FlurryCustomAdNetworkProperties.h; path = ../../Assets/Editor/Flurry/SDK/Mediation/FlurryCustomAdNetworkProperties.h; sourceTree = "<group>"; };
		014A9FE2826E465B9A7F2B14 /* VGAssertMacros.h */ = {isa = PBXFileReference; lastKnownFileType = sourcecode.c.h; name = VGAssertMacros.h; path = ../../Assets/Editor/Vungle/SDK/VGAssertMacros.h; sourceTree = "<group>"; };
		0332F9B58C1F458D838B6823 /* AdMobManager.h */ = {isa = PBXFileReference; lastKnownFileType = sourcecode.c.h; name = AdMobManager.h; path = ../../Assets/Editor/AdMob/AdMobManager.h; sourceTree = "<group>"; };
		0550C7001F6848B2A161C582 /* VGStatusData.h */ = {isa = PBXFileReference; lastKnownFileType = sourcecode.c.h; name = VGStatusData.h; path = ../../Assets/Editor/Vungle/SDK/VGStatusData.h; sourceTree = "<group>"; };
		06BF264830394A9C9295514E /* TapjoyConnect.h */ = {isa = PBXFileReference; lastKnownFileType = sourcecode.c.h; name = TapjoyConnect.h; path = ../../Assets/Editor/Tapjoy/iOS/TapjoyConnect.h; sourceTree = "<group>"; };
		07227B9ED2E14CC1B76548DD /* GADAdNetworkExtras.h */ = {isa = PBXFileReference; lastKnownFileType = sourcecode.c.h; name = GADAdNetworkExtras.h; path = ../../Assets/Editor/AdMob/SDK/GADAdNetworkExtras.h; sourceTree = "<group>"; };
		08B24F75137BFDFA00FBA309 /* iAd.framework */ = {isa = PBXFileReference; lastKnownFileType = wrapper.framework; name = iAd.framework; path = System/Library/Frameworks/iAd.framework; sourceTree = SDKROOT; };
		0B30ED0EE1BF4EBD93973AE2 /* libz.1.1.3.dylib */ = {isa = PBXFileReference; lastKnownFileType = "compiled.mach-o.dylib"; name = libz.1.1.3.dylib; path = usr/lib/libz.1.1.3.dylib; sourceTree = SDKROOT; };
		11EAEE9C52C940808FD29137 /* FlurryCustomAdNetworkDelegate.h */ = {isa = PBXFileReference; lastKnownFileType = sourcecode.c.h; name = FlurryCustomAdNetworkDelegate.h; path = ../../Assets/Editor/Flurry/SDK/Mediation/FlurryCustomAdNetworkDelegate.h; sourceTree = "<group>"; };
		125C87348C524351A69610A3 /* AdMobBinding.m */ = {isa = PBXFileReference; lastKnownFileType = sourcecode.c.objc; name = AdMobBinding.m; path = ../../Assets/Editor/AdMob/AdMobBinding.m; sourceTree = "<group>"; };
		16D2F5002AB84C0591BF95A9 /* libvunglepub.a */ = {isa = PBXFileReference; lastKnownFileType = archive.ar; name = libvunglepub.a; path = ../../Assets/Editor/Vungle/SDK/libvunglepub.a; sourceTree = "<group>"; };
		1960BF0E4E31454E81712644 /* VungleManager.mm */ = {isa = PBXFileReference; lastKnownFileType = sourcecode.cpp.objcpp; name = VungleManager.mm; path = ../../Assets/Editor/Vungle/VungleManager.mm; sourceTree = "<group>"; };
		1C4A2D63671E41A39B047EFF /* vg_button_mute_selected.png */ = {isa = PBXFileReference; lastKnownFileType = image.png; name = vg_button_mute_selected.png; path = ../../Assets/Editor/Vungle/SDK/vg_button_mute_selected.png; sourceTree = "<group>"; };
		1D30AB110D05D00D00671497 /* Foundation.framework */ = {isa = PBXFileReference; lastKnownFileType = wrapper.framework; name = Foundation.framework; path = System/Library/Frameworks/Foundation.framework; sourceTree = SDKROOT; };
		1D6058910D05DD3D006BFB54 /* ssadmanagerios.app */ = {isa = PBXFileReference; explicitFileType = wrapper.application; includeInIndex = 0; path = ssadmanagerios.app; sourceTree = BUILT_PRODUCTS_DIR; };
		1DCC87802B2C465CB36BB197 /* StoreKit.framework */ = {isa = PBXFileReference; lastKnownFileType = wrapper.framework; name = StoreKit.framework; path = System/Library/Frameworks/StoreKit.framework; sourceTree = SDKROOT; };
		1EDA5AB2BC324F73AABC12AE /* AdManager.h */ = {isa = PBXFileReference; lastKnownFileType = sourcecode.c.h; name = AdManager.h; path = ../../Assets/Editor/iAd/AdManager.h; sourceTree = "<group>"; };
		30B45CFE5D9E422F8CCCF955 /* ChartBoostManager.h */ = {isa = PBXFileReference; lastKnownFileType = sourcecode.c.h; name = ChartBoostManager.h; path = ../../Assets/Editor/ChartBoost/ChartBoostManager.h; sourceTree = "<group>"; };
		334B3B5B73D44092816CE550 /* Flurry.h */ = {isa = PBXFileReference; lastKnownFileType = sourcecode.c.h; name = Flurry.h; path = ../../Assets/Editor/Flurry/SDK/Flurry/Flurry.h; sourceTree = "<group>"; };
		350D11BBDE104C1190D2DDB9 /* FlurryCustomAdNetwork.h */ = {isa = PBXFileReference; lastKnownFileType = sourcecode.c.h; name = FlurryCustomAdNetwork.h; path = ../../Assets/Editor/Flurry/SDK/Mediation/FlurryCustomAdNetwork.h; sourceTree = "<group>"; };
		36327013E7F840169F7BDBEE /* GADRequestError.h */ = {isa = PBXFileReference; lastKnownFileType = sourcecode.c.h; name = GADRequestError.h; path = ../../Assets/Editor/AdMob/SDK/GADRequestError.h; sourceTree = "<group>"; };
		3A2F0F19775D481C9B5203FC /* VGPlayData.h */ = {isa = PBXFileReference; lastKnownFileType = sourcecode.c.h; name = VGPlayData.h; path = ../../Assets/Editor/Vungle/SDK/VGPlayData.h; sourceTree = "<group>"; };
		3E6389EA6CCC489A9A3479A8 /* VungleManager.h */ = {isa = PBXFileReference; lastKnownFileType = sourcecode.c.h; name = VungleManager.h; path = ../../Assets/Editor/Vungle/VungleManager.h; sourceTree = "<group>"; };
		418BA14BCD7D4900AA24BCCF /* GADAdMobExtras.h */ = {isa = PBXFileReference; lastKnownFileType = sourcecode.c.h; name = GADAdMobExtras.h; path = ../../Assets/Editor/AdMob/SDK/GADAdMobExtras.h; sourceTree = "<group>"; };
		43408B9DCD95498594DACE9C /* AdManager.mm */ = {isa = PBXFileReference; lastKnownFileType = sourcecode.cpp.objcpp; name = AdManager.mm; path = ../../Assets/Editor/iAd/AdManager.mm; sourceTree = "<group>"; };
		4890D10CBFAB4AD2A9B8A527 /* GADAdSize.h */ = {isa = PBXFileReference; lastKnownFileType = sourcecode.c.h; name = GADAdSize.h; path = ../../Assets/Editor/AdMob/SDK/GADAdSize.h; sourceTree = "<group>"; };
		49F0C1E0F2284A2FB2A63A1F /* GADBannerViewDelegate.h */ = {isa = PBXFileReference; lastKnownFileType = sourcecode.c.h; name = GADBannerViewDelegate.h; path = ../../Assets/Editor/AdMob/SDK/GADBannerViewDelegate.h; sourceTree = "<group>"; };
		4A6B8BA2CA4F464994240B9A /* FlurryAdDelegate.h */ = {isa = PBXFileReference; lastKnownFileType = sourcecode.c.h; name = FlurryAdDelegate.h; path = ../../Assets/Editor/Flurry/SDK/FlurryAds/FlurryAdDelegate.h; sourceTree = "<group>"; };
		4B4255F32BFD42F69E5243C0 /* libGoogleAdMobAds.a */ = {isa = PBXFileReference; lastKnownFileType = archive.ar; name = libGoogleAdMobAds.a; path = ../../Assets/Editor/AdMob/SDK/libGoogleAdMobAds.a; sourceTree = "<group>"; };
		4E0950CAE2C84DFC9B248EB1 /* CoreTelephony.framework */ = {isa = PBXFileReference; lastKnownFileType = wrapper.framework; name = CoreTelephony.framework; path = System/Library/Frameworks/CoreTelephony.framework; sourceTree = SDKROOT; };
		4E9438166E2E4C298813F700 /* VGConstants.h */ = {isa = PBXFileReference; lastKnownFileType = sourcecode.c.h; name = VGConstants.h; path = ../../Assets/Editor/Vungle/SDK/VGConstants.h; sourceTree = "<group>"; };
		530E1E6969FE4E1A85801C20 /* GADInterstitialDelegate.h */ = {isa = PBXFileReference; lastKnownFileType = sourcecode.c.h; name = GADInterstitialDelegate.h; path = ../../Assets/Editor/AdMob/SDK/GADInterstitialDelegate.h; sourceTree = "<group>"; };
		5682F4B10F3B34FF007A219C /* MediaPlayer.framework */ = {isa = PBXFileReference; lastKnownFileType = wrapper.framework; name = MediaPlayer.framework; path = System/Library/Frameworks/MediaPlayer.framework; sourceTree = SDKROOT; };
		5692F3DC0FA9D8E500EBA2F1 /* CoreLocation.framework */ = {isa = PBXFileReference; lastKnownFileType = wrapper.framework; name = CoreLocation.framework; path = System/Library/Frameworks/CoreLocation.framework; sourceTree = SDKROOT; };
		56B7959A1442E0F20026B3DD /* CoreGraphics.framework */ = {isa = PBXFileReference; lastKnownFileType = wrapper.framework; name = CoreGraphics.framework; path = System/Library/Frameworks/CoreGraphics.framework; sourceTree = SDKROOT; };
		56B795C11442E1100026B3DD /* CoreMotion.framework */ = {isa = PBXFileReference; lastKnownFileType = wrapper.framework; name = CoreMotion.framework; path = System/Library/Frameworks/CoreMotion.framework; sourceTree = SDKROOT; };
		56B796191442E1B80026B3DD /* GameKit.framework */ = {isa = PBXFileReference; lastKnownFileType = wrapper.framework; name = GameKit.framework; path = System/Library/Frameworks/GameKit.framework; sourceTree = SDKROOT; };
		56BCBA380FCF049A0030C3B2 /* SystemConfiguration.framework */ = {isa = PBXFileReference; lastKnownFileType = wrapper.framework; name = SystemConfiguration.framework; path = System/Library/Frameworks/SystemConfiguration.framework; sourceTree = SDKROOT; };
		56DBF99C15E3CDC9007A4A8D /* iPhone_Sensors.mm */ = {isa = PBXFileReference; fileEncoding = 4; lastKnownFileType = sourcecode.cpp.objcpp; path = iPhone_Sensors.mm; sourceTree = "<group>"; };
		56DBF99E15E3CE85007A4A8D /* iPhone_Sensors.h */ = {isa = PBXFileReference; fileEncoding = 4; lastKnownFileType = sourcecode.c.h; path = iPhone_Sensors.h; sourceTree = "<group>"; };
		56FD43950ED4745200FE3770 /* CFNetwork.framework */ = {isa = PBXFileReference; lastKnownFileType = wrapper.framework; name = CFNetwork.framework; path = System/Library/Frameworks/CFNetwork.framework; sourceTree = SDKROOT; };
		64350B2B53E44EF78ECC432F /* CoreData.framework */ = {isa = PBXFileReference; lastKnownFileType = wrapper.framework; name = CoreData.framework; path = System/Library/Frameworks/CoreData.framework; sourceTree = SDKROOT; };
		66AE6A9E8AEB4E28AD944E82 /* GADRequest.h */ = {isa = PBXFileReference; lastKnownFileType = sourcecode.c.h; name = GADRequest.h; path = ../../Assets/Editor/AdMob/SDK/GADRequest.h; sourceTree = "<group>"; };
		712484B3ACB948E8A13E139A /* vg_button_mute_plain.png */ = {isa = PBXFileReference; lastKnownFileType = image.png; name = vg_button_mute_plain.png; path = ../../Assets/Editor/Vungle/SDK/vg_button_mute_plain.png; sourceTree = "<group>"; };
		7A3CB356D85843EA81267EB8 /* VGAdType.h */ = {isa = PBXFileReference; lastKnownFileType = sourcecode.c.h; name = VGAdType.h; path = ../../Assets/Editor/Vungle/SDK/VGAdType.h; sourceTree = "<group>"; };
		7C122A6F2CBE4B4FA4DF9BA0 /* FlurryManager.mm */ = {isa = PBXFileReference; lastKnownFileType = sourcecode.cpp.objcpp; name = FlurryManager.mm; path = ../../Assets/Editor/Flurry/FlurryManager.mm; sourceTree = "<group>"; };
		7E3080FE6FAA473C830867F4 /* Chartboost.h */ = {isa = PBXFileReference; lastKnownFileType = sourcecode.c.h; name = Chartboost.h; path = ../../Assets/Editor/ChartBoost/Chartboost.h; sourceTree = "<group>"; };
		7ECE3B18683E43BFAA4F8E52 /* TapjoyConnectConstants.h */ = {isa = PBXFileReference; lastKnownFileType = sourcecode.c.h; name = TapjoyConnectConstants.h; path = ../../Assets/Editor/Tapjoy/iOS/TapjoyConnectConstants.h; sourceTree = "<group>"; };
		7F36C10E13C5C673007FBDD9 /* CoreMedia.framework */ = {isa = PBXFileReference; lastKnownFileType = wrapper.framework; name = CoreMedia.framework; path = System/Library/Frameworks/CoreMedia.framework; sourceTree = SDKROOT; };
		7F36C10F13C5C673007FBDD9 /* CoreVideo.framework */ = {isa = PBXFileReference; lastKnownFileType = wrapper.framework; name = CoreVideo.framework; path = System/Library/Frameworks/CoreVideo.framework; sourceTree = SDKROOT; };
		7F36C11013C5C673007FBDD9 /* AVFoundation.framework */ = {isa = PBXFileReference; lastKnownFileType = wrapper.framework; name = AVFoundation.framework; path = System/Library/Frameworks/AVFoundation.framework; sourceTree = SDKROOT; };
		8073A5BCA92E4329BD0F66AD /* libAdapterIAd.a */ = {isa = PBXFileReference; lastKnownFileType = archive.ar; name = libAdapterIAd.a; path = ../../Assets/Editor/AdMob/SDK/libAdapterIAd.a; sourceTree = "<group>"; };
		830B5C100E5ED4C100C7819F /* UIKit.framework */ = {isa = PBXFileReference; lastKnownFileType = wrapper.framework; name = UIKit.framework; path = System/Library/Frameworks/UIKit.framework; sourceTree = SDKROOT; };
		8358D1B70ED1CC3700E3A684 /* AudioToolbox.framework */ = {isa = PBXFileReference; lastKnownFileType = wrapper.framework; name = AudioToolbox.framework; path = System/Library/Frameworks/AudioToolbox.framework; sourceTree = SDKROOT; };
		83B256E10E62FEA000468741 /* OpenGLES.framework */ = {isa = PBXFileReference; lastKnownFileType = wrapper.framework; name = OpenGLES.framework; path = System/Library/Frameworks/OpenGLES.framework; sourceTree = SDKROOT; };
		83B2570A0E62FF8A00468741 /* QuartzCore.framework */ = {isa = PBXFileReference; lastKnownFileType = wrapper.framework; name = QuartzCore.framework; path = System/Library/Frameworks/QuartzCore.framework; sourceTree = SDKROOT; };
		83B2574B0E63022200468741 /* OpenAL.framework */ = {isa = PBXFileReference; lastKnownFileType = wrapper.framework; name = OpenAL.framework; path = System/Library/Frameworks/OpenAL.framework; sourceTree = SDKROOT; };
		83B2574E0E63025400468741 /* libiconv.2.dylib */ = {isa = PBXFileReference; lastKnownFileType = "compiled.mach-o.dylib"; name = libiconv.2.dylib; path = usr/lib/libiconv.2.dylib; sourceTree = SDKROOT; };
		83DEA7410EACED0700D8A291 /* Default.png */ = {isa = PBXFileReference; lastKnownFileType = image.png; path = Default.png; sourceTree = "<group>"; };
		83DEA7420EACED0700D8A291 /* Icon.png */ = {isa = PBXFileReference; lastKnownFileType = image.png; path = Icon.png; sourceTree = "<group>"; };
		888FF568141B44E486FC020F /* TapjoyResources.bundle */ = {isa = PBXFileReference; lastKnownFileType = "wrapper.plug-in"; name = TapjoyResources.bundle; path = ../../Assets/Editor/Tapjoy/iOS/TapjoyResources.bundle; sourceTree = "<group>"; };
		89479E31BB45451FAB8DFF02 /* FlurryManager.h */ = {isa = PBXFileReference; lastKnownFileType = sourcecode.c.h; name = FlurryManager.h; path = ../../Assets/Editor/Flurry/FlurryManager.h; sourceTree = "<group>"; };
		8A0FED471649699200E9727D /* EAGLContextHelper.h */ = {isa = PBXFileReference; fileEncoding = 4; lastKnownFileType = sourcecode.c.h; path = EAGLContextHelper.h; sourceTree = "<group>"; };
		8A0FED481649699200E9727D /* EAGLContextHelper.mm */ = {isa = PBXFileReference; fileEncoding = 4; lastKnownFileType = sourcecode.cpp.objcpp; path = EAGLContextHelper.mm; sourceTree = "<group>"; };
		8A142DC41636943E00DD87CA /* Keyboard.h */ = {isa = PBXFileReference; fileEncoding = 4; lastKnownFileType = sourcecode.c.h; path = Keyboard.h; sourceTree = "<group>"; };
		8A142DC51636943E00DD87CA /* Keyboard.mm */ = {isa = PBXFileReference; fileEncoding = 4; lastKnownFileType = sourcecode.cpp.objcpp; path = Keyboard.mm; sourceTree = "<group>"; };
		8A1FFFAB16512A9000DD0934 /* GlesHelper.h */ = {isa = PBXFileReference; fileEncoding = 4; lastKnownFileType = sourcecode.c.h; path = GlesHelper.h; sourceTree = "<group>"; };
		8A1FFFAC16512A9000DD0934 /* GlesHelper.mm */ = {isa = PBXFileReference; fileEncoding = 4; lastKnownFileType = sourcecode.cpp.objcpp; path = GlesHelper.mm; sourceTree = "<group>"; };
		8A21AED21622F59300AF8007 /* UnityViewControllerBase.h */ = {isa = PBXFileReference; fileEncoding = 4; lastKnownFileType = sourcecode.c.h; path = UnityViewControllerBase.h; sourceTree = "<group>"; };
		8A21AED31622F59300AF8007 /* UnityViewControllerBase.mm */ = {isa = PBXFileReference; fileEncoding = 4; lastKnownFileType = sourcecode.cpp.objcpp; path = UnityViewControllerBase.mm; sourceTree = "<group>"; };
		8A2EF43C138549090070AA2F /* iPhone_Profiler.cpp */ = {isa = PBXFileReference; fileEncoding = 4; lastKnownFileType = sourcecode.cpp.cpp; path = iPhone_Profiler.cpp; sourceTree = "<group>"; };
		8A2EF43D138549090070AA2F /* iPhone_Profiler.h */ = {isa = PBXFileReference; fileEncoding = 4; lastKnownFileType = sourcecode.c.h; path = iPhone_Profiler.h; sourceTree = "<group>"; };
		8A2EF5B61385C5F20070AA2F /* iPhone_Common.h */ = {isa = PBXFileReference; fileEncoding = 4; lastKnownFileType = sourcecode.c.h; path = iPhone_Common.h; sourceTree = "<group>"; };
		8A3EDDC61615B7C1001839E9 /* SplashScreen.h */ = {isa = PBXFileReference; fileEncoding = 4; lastKnownFileType = sourcecode.c.h; path = SplashScreen.h; sourceTree = "<group>"; };
		8A3EDDC71615B7C1001839E9 /* SplashScreen.mm */ = {isa = PBXFileReference; fileEncoding = 4; lastKnownFileType = sourcecode.cpp.objcpp; path = SplashScreen.mm; sourceTree = "<group>"; };
		8A592F4916176267006B38FC /* VideoViewController.h */ = {isa = PBXFileReference; fileEncoding = 4; lastKnownFileType = sourcecode.c.h; path = VideoViewController.h; sourceTree = "<group>"; };
		8A592F4A16176267006B38FC /* VideoViewController.mm */ = {isa = PBXFileReference; fileEncoding = 4; lastKnownFileType = sourcecode.cpp.objcpp; path = VideoViewController.mm; sourceTree = "<group>"; };
		8A5E0B8F16849D1800CBB6FE /* DisplayManager.h */ = {isa = PBXFileReference; fileEncoding = 4; lastKnownFileType = sourcecode.c.h; path = DisplayManager.h; sourceTree = "<group>"; };
		8A5E0B9016849D1800CBB6FE /* DisplayManager.mm */ = {isa = PBXFileReference; fileEncoding = 4; lastKnownFileType = sourcecode.cpp.objcpp; path = DisplayManager.mm; sourceTree = "<group>"; };
		8A9EB22C156E5A25000DC2B4 /* iPhone_View.h */ = {isa = PBXFileReference; fileEncoding = 4; lastKnownFileType = sourcecode.c.h; path = iPhone_View.h; sourceTree = "<group>"; };
		8A9EB22D156E5A25000DC2B4 /* iPhone_View.mm */ = {isa = PBXFileReference; fileEncoding = 4; lastKnownFileType = sourcecode.cpp.objcpp; path = iPhone_View.mm; sourceTree = "<group>"; };
		8A9FCB111617295F00C05364 /* ActivityIndicator.h */ = {isa = PBXFileReference; fileEncoding = 4; lastKnownFileType = sourcecode.c.h; path = ActivityIndicator.h; sourceTree = "<group>"; };
		8A9FCB121617295F00C05364 /* ActivityIndicator.mm */ = {isa = PBXFileReference; fileEncoding = 4; lastKnownFileType = sourcecode.cpp.objcpp; path = ActivityIndicator.mm; sourceTree = "<group>"; };
		8AA4AEF3FD9C4388B03C90DD /* JSONKit.h */ = {isa = PBXFileReference; lastKnownFileType = sourcecode.c.h; name = JSONKit.h; path = ../../Assets/Editor/ChartBoost/JSONKit.h; sourceTree = "<group>"; };
		8AFA69D7161605E7009663A5 /* iPhone_OrientationSupport.h */ = {isa = PBXFileReference; fileEncoding = 4; lastKnownFileType = sourcecode.c.h; path = iPhone_OrientationSupport.h; sourceTree = "<group>"; };
		8AFA69D8161605E7009663A5 /* iPhone_OrientationSupport.mm */ = {isa = PBXFileReference; fileEncoding = 4; lastKnownFileType = sourcecode.cpp.objcpp; path = iPhone_OrientationSupport.mm; sourceTree = "<group>"; };
		8D1107310486CEB800E47090 /* Info.plist */ = {isa = PBXFileReference; fileEncoding = 4; lastKnownFileType = text.plist.xml; path = Info.plist; sourceTree = "<group>"; };
		92C22207E2A3494BBFDCFAF1 /* ChartBoostManager.mm */ = {isa = PBXFileReference; lastKnownFileType = sourcecode.cpp.objcpp; name = ChartBoostManager.mm; path = ../../Assets/Editor/ChartBoost/ChartBoostManager.mm; sourceTree = "<group>"; };
		998385641CAC40DEB14DC34F /* vunglepub.h */ = {isa = PBXFileReference; lastKnownFileType = sourcecode.c.h; name = vunglepub.h; path = ../../Assets/Editor/Vungle/SDK/vunglepub.h; sourceTree = "<group>"; };
		9F69E685D9E94FF3823F0860 /* TapjoyConnectPlugin.h */ = {isa = PBXFileReference; lastKnownFileType = sourcecode.c.h; name = TapjoyConnectPlugin.h; path = ../../Assets/Editor/Tapjoy/iOS/TapjoyConnectPlugin.h; sourceTree = "<group>"; };
		A82F29830D0D4DABA3DF7A9F /* GADInterstitial.h */ = {isa = PBXFileReference; lastKnownFileType = sourcecode.c.h; name = GADInterstitial.h; path = ../../Assets/Editor/AdMob/SDK/GADInterstitial.h; sourceTree = "<group>"; };
		AAFCADB3809B4FF9A803EA5B /* TapjoyConnectPlugin.mm */ = {isa = PBXFileReference; lastKnownFileType = sourcecode.cpp.objcpp; name = TapjoyConnectPlugin.mm; path = ../../Assets/Editor/Tapjoy/iOS/TapjoyConnectPlugin.mm; sourceTree = "<group>"; };
		ACA9CA74878C44019202454D /* AdSupport.framework */ = {isa = PBXFileReference; lastKnownFileType = wrapper.framework; name = AdSupport.framework; path = System/Library/Frameworks/AdSupport.framework; sourceTree = SDKROOT; };
		AD9FE87886ED41D0A12FC315 /* CBAnalytics.h */ = {isa = PBXFileReference; lastKnownFileType = sourcecode.c.h; name = CBAnalytics.h; path = ../../Assets/Editor/ChartBoost/CBAnalytics.h; sourceTree = "<group>"; };
		BC649E11327D4E6A937CF322 /* GADBannerView.h */ = {isa = PBXFileReference; lastKnownFileType = sourcecode.c.h; name = GADBannerView.h; path = ../../Assets/Editor/AdMob/SDK/GADBannerView.h; sourceTree = "<group>"; };
		BDF5DEDCBC0A4884ADBB4AEC /* MessageUI.framework */ = {isa = PBXFileReference; lastKnownFileType = wrapper.framework; name = MessageUI.framework; path = System/Library/Frameworks/MessageUI.framework; sourceTree = SDKROOT; };
		C524F731789248879AC78730 /* ChartBoostBinding.m */ = {isa = PBXFileReference; lastKnownFileType = sourcecode.c.objc; name = ChartBoostBinding.m; path = ../../Assets/Editor/ChartBoost/ChartBoostBinding.m; sourceTree = "<group>"; };
		CA2B21E8CDF14426B85CCE90 /* libFlurryAds.a */ = {isa = PBXFileReference; lastKnownFileType = archive.ar; name = libFlurryAds.a; path = ../../Assets/Editor/Flurry/SDK/FlurryAds/libFlurryAds.a; sourceTree = "<group>"; };
		CACA1B63213F44D0A18EB385 /* TapjoyPublisherLibrary.a */ = {isa = PBXFileReference; lastKnownFileType = archive.ar; name = TapjoyPublisherLibrary.a; path = ../../Assets/Editor/Tapjoy/iOS/TapjoyPublisherLibrary.a; sourceTree = "<group>"; };
		D113BA054D4746B0A84715AB /* AdMobManager.mm */ = {isa = PBXFileReference; lastKnownFileType = sourcecode.cpp.objcpp; name = AdMobManager.mm; path = ../../Assets/Editor/AdMob/AdMobManager.mm; sourceTree = "<group>"; };
		D69B182169E44095BBE560EB /* FlurryBinding.m */ = {isa = PBXFileReference; lastKnownFileType = sourcecode.c.objc; name = FlurryBinding.m; path = ../../Assets/Editor/Flurry/FlurryBinding.m; sourceTree = "<group>"; };
		D82DCFB60E8000A5005D6AD8 /* AppController.h */ = {isa = PBXFileReference; fileEncoding = 4; lastKnownFileType = sourcecode.c.h; name = AppController.h; path = Classes/AppController.h; sourceTree = SOURCE_ROOT; };
		D82DCFB70E8000A5005D6AD8 /* AppController.mm */ = {isa = PBXFileReference; fileEncoding = 4; lastKnownFileType = sourcecode.cpp.objcpp; name = AppController.mm; path = Classes/AppController.mm; sourceTree = SOURCE_ROOT; };
		D82DCFBA0E8000A5005D6AD8 /* iPhone_target_Prefix.pch */ = {isa = PBXFileReference; fileEncoding = 4; lastKnownFileType = sourcecode.c.h; name = iPhone_target_Prefix.pch; path = Classes/iPhone_target_Prefix.pch; sourceTree = SOURCE_ROOT; };
		D82DCFBB0E8000A5005D6AD8 /* main.mm */ = {isa = PBXFileReference; fileEncoding = 4; lastKnownFileType = sourcecode.cpp.objcpp; name = main.mm; path = Classes/main.mm; sourceTree = SOURCE_ROOT; };
		D82DCFBD0E8000A5005D6AD8 /* RegisterClasses.cpp */ = {isa = PBXFileReference; fileEncoding = 4; lastKnownFileType = sourcecode.cpp.cpp; name = RegisterClasses.cpp; path = Classes/RegisterClasses.cpp; sourceTree = SOURCE_ROOT; };
		D82DCFBE0E8000A5005D6AD8 /* RegisterClasses.h */ = {isa = PBXFileReference; fileEncoding = 4; lastKnownFileType = sourcecode.c.h; name = RegisterClasses.h; path = Classes/RegisterClasses.h; sourceTree = SOURCE_ROOT; };
		D8A1C7000E80637F100160D4 /* Assembly-CSharp-firstpass.dll.s */ = {isa = PBXFileReference; fileEncoding = 4; lastKnownFileType = sourcecode.asm; name = "Assembly-CSharp-firstpass.dll.s"; path = "Libraries/Assembly-CSharp-firstpass.dll.s"; sourceTree = SOURCE_ROOT; };
		D8A1C7001E80637F100160D4 /* Assembly-CSharp.dll.s */ = {isa = PBXFileReference; fileEncoding = 4; lastKnownFileType = sourcecode.asm; name = "Assembly-CSharp.dll.s"; path = "Libraries/Assembly-CSharp.dll.s"; sourceTree = SOURCE_ROOT; };
		D8A1C7002E80637F100160D4 /* LitJSON.dll.s */ = {isa = PBXFileReference; fileEncoding = 4; lastKnownFileType = sourcecode.asm; name = LitJSON.dll.s; path = Libraries/LitJSON.dll.s; sourceTree = SOURCE_ROOT; };
		D8A1C7003E80637F100160D4 /* Mono.Security.dll.s */ = {isa = PBXFileReference; fileEncoding = 4; lastKnownFileType = sourcecode.asm; name = Mono.Security.dll.s; path = Libraries/Mono.Security.dll.s; sourceTree = SOURCE_ROOT; };
		D8A1C7004E80637F100160D4 /* P31RestKit.dll.s */ = {isa = PBXFileReference; fileEncoding = 4; lastKnownFileType = sourcecode.asm; name = P31RestKit.dll.s; path = Libraries/P31RestKit.dll.s; sourceTree = SOURCE_ROOT; };
		D8A1C7005E80637F100160D4 /* System.Core.dll.s */ = {isa = PBXFileReference; fileEncoding = 4; lastKnownFileType = sourcecode.asm; name = System.Core.dll.s; path = Libraries/System.Core.dll.s; sourceTree = SOURCE_ROOT; };
		D8A1C7006E80637F100160D4 /* System.Xml.dll.s */ = {isa = PBXFileReference; fileEncoding = 4; lastKnownFileType = sourcecode.asm; name = System.Xml.dll.s; path = Libraries/System.Xml.dll.s; sourceTree = SOURCE_ROOT; };
		D8A1C7007E80637F100160D4 /* System.dll.s */ = {isa = PBXFileReference; fileEncoding = 4; lastKnownFileType = sourcecode.asm; name = System.dll.s; path = Libraries/System.dll.s; sourceTree = SOURCE_ROOT; };
		D8A1C7008E80637F100160D4 /* UnityEngine.dll.s */ = {isa = PBXFileReference; fileEncoding = 4; lastKnownFileType = sourcecode.asm; name = UnityEngine.dll.s; path = Libraries/UnityEngine.dll.s; sourceTree = SOURCE_ROOT; };
		D8A1C7009E80637F100160D4 /* mscorlib.dll.s */ = {isa = PBXFileReference; fileEncoding = 4; lastKnownFileType = sourcecode.asm; name = mscorlib.dll.s; path = Libraries/mscorlib.dll.s; sourceTree = SOURCE_ROOT; };
		D8A1C700aE80637F100160D4 /* PHUnityIntegration.mm */ = {isa = PBXFileReference; fileEncoding = 4; lastKnownFileType = sourcecode.cpp.objcpp; name = PHUnityIntegration.mm; path = Libraries/PHUnityIntegration.mm; sourceTree = SOURCE_ROOT; };
		D8A1C700bE80637F100160D4 /* RevMobAds.a */ = {isa = PBXFileReference; lastKnownFileType = archive.ar; name = RevMobAds.a; path = Libraries/RevMobAds.a; sourceTree = SOURCE_ROOT; };
		D8A1C700cE80637F100160D4 /* RevMobUnityiOSBinding.m */ = {isa = PBXFileReference; fileEncoding = 4; lastKnownFileType = sourcecode.c.objc; name = RevMobUnityiOSBinding.m; path = Libraries/RevMobUnityiOSBinding.m; sourceTree = SOURCE_ROOT; };
		D8A1C700dE80637F100160D4 /* libPlayHaven.a */ = {isa = PBXFileReference; lastKnownFileType = archive.ar; name = libPlayHaven.a; path = Libraries/libPlayHaven.a; sourceTree = SOURCE_ROOT; };
		D8A1C700eE80637F100160D4 /* Icon@2x.png */ = {isa = PBXFileReference; fileEncoding = 4; lastKnownFileType = image.png; path = "Icon@2x.png"; sourceTree = SOURCE_ROOT; };
		D8A1C700fE80637F100160D4 /* Default@2x.png */ = {isa = PBXFileReference; fileEncoding = 4; lastKnownFileType = image.png; path = "Default@2x.png"; sourceTree = SOURCE_ROOT; };
		D8A1C7010E80637F100160D4 /* Default-568h@2x.png */ = {isa = PBXFileReference; fileEncoding = 4; lastKnownFileType = image.png; path = "Default-568h@2x.png"; sourceTree = SOURCE_ROOT; };
		D8A1C7011E80637F100160D4 /* Default-Landscape.png */ = {isa = PBXFileReference; fileEncoding = 4; lastKnownFileType = image.png; path = "Default-Landscape.png"; sourceTree = SOURCE_ROOT; };
		D8A1C7012E80637F100160D4 /* Default-Portrait.png */ = {isa = PBXFileReference; fileEncoding = 4; lastKnownFileType = image.png; path = "Default-Portrait.png"; sourceTree = SOURCE_ROOT; };
		D8A1C7013E80637F100160D4 /* Default-Landscape@2x.png */ = {isa = PBXFileReference; fileEncoding = 4; lastKnownFileType = image.png; path = "Default-Landscape@2x.png"; sourceTree = SOURCE_ROOT; };
		D8A1C7014E80637F100160D4 /* Default-Portrait@2x.png */ = {isa = PBXFileReference; fileEncoding = 4; lastKnownFileType = image.png; path = "Default-Portrait@2x.png"; sourceTree = SOURCE_ROOT; };
		D8A1C7015E80637F100160D4 /* Icon-72.png */ = {isa = PBXFileReference; fileEncoding = 4; lastKnownFileType = image.png; path = "Icon-72.png"; sourceTree = SOURCE_ROOT; };
		D8A1C7016E80637F100160D4 /* Icon-144.png */ = {isa = PBXFileReference; fileEncoding = 4; lastKnownFileType = image.png; path = "Icon-144.png"; sourceTree = SOURCE_ROOT; };
		D8A1C7240E80637F000160D3 /* RegisterMonoModules.cpp */ = {isa = PBXFileReference; fileEncoding = 4; lastKnownFileType = sourcecode.cpp.cpp; name = RegisterMonoModules.cpp; path = Libraries/RegisterMonoModules.cpp; sourceTree = SOURCE_ROOT; };
		D8A1C7250E80637F000160D3 /* RegisterMonoModules.h */ = {isa = PBXFileReference; fileEncoding = 4; lastKnownFileType = sourcecode.c.h; name = RegisterMonoModules.h; path = Libraries/RegisterMonoModules.h; sourceTree = SOURCE_ROOT; };
		D8A1C72A0E8063A1000160D3 /* libiPhone-lib.a */ = {isa = PBXFileReference; lastKnownFileType = archive.ar; name = "libiPhone-lib.a"; path = "Libraries/libiPhone-lib.a"; sourceTree = SOURCE_ROOT; };
		DBC1D3BB18D54E79AA75E469 /* libFlurry.a */ = {isa = PBXFileReference; lastKnownFileType = archive.ar; name = libFlurry.a; path = ../../Assets/Editor/Flurry/SDK/Flurry/libFlurry.a; sourceTree = "<group>"; };
		E6F35F17FF8548AC83FBF8B4 /* VGVunglePub.h */ = {isa = PBXFileReference; lastKnownFileType = sourcecode.c.h; name = VGVunglePub.h; path = ../../Assets/Editor/Vungle/SDK/VGVunglePub.h; sourceTree = "<group>"; };
		E8E3E47CB70C42719D81CA94 /* vg_button_close.png */ = {isa = PBXFileReference; lastKnownFileType = image.png; name = vg_button_close.png; path = ../../Assets/Editor/Vungle/SDK/vg_button_close.png; sourceTree = "<group>"; };
		EF1E8E135C994465A01A8CAE /* JSONKit.m */ = {isa = PBXFileReference; lastKnownFileType = sourcecode.c.objc; name = JSONKit.m; path = ../../Assets/Editor/ChartBoost/JSONKit.m; sourceTree = "<group>"; };
		EFC635DB84604C4FB6FAC654 /* VungleBinding.m */ = {isa = PBXFileReference; lastKnownFileType = sourcecode.c.objc; name = VungleBinding.m; path = ../../Assets/Editor/Vungle/VungleBinding.m; sourceTree = "<group>"; };
		F5DDE227C4A947959CF4167A /* FlurryAds.h */ = {isa = PBXFileReference; lastKnownFileType = sourcecode.c.h; name = FlurryAds.h; path = ../../Assets/Editor/Flurry/SDK/FlurryAds/FlurryAds.h; sourceTree = "<group>"; };
		FB39A484BECE4BAF9FE4F602 /* AdBinding.m */ = {isa = PBXFileReference; lastKnownFileType = sourcecode.c.objc; name = AdBinding.m; path = ../../Assets/Editor/iAd/AdBinding.m; sourceTree = "<group>"; };
		FBE9D7FDD72F4518B9D09585 /* VGUserData.h */ = {isa = PBXFileReference; lastKnownFileType = sourcecode.c.h; name = VGUserData.h; path = ../../Assets/Editor/Vungle/SDK/VGUserData.h; sourceTree = "<group>"; };
		FC6FC04453DA46A880AA6311 /* libChartboost.a */ = {isa = PBXFileReference; lastKnownFileType = archive.ar; name = libChartboost.a; path = ../../Assets/Editor/ChartBoost/libChartboost.a; sourceTree = "<group>"; };
/* End PBXFileReference section */

/* Begin PBXFrameworksBuildPhase section */
		1D60588F0D05DD3D006BFB54 /* Frameworks */ = {
			isa = PBXFrameworksBuildPhase;
			buildActionMask = 2147483647;
			files = (
				1D60589F0D05DD5A006BFB54 /* Foundation.framework in Frameworks */,
				830B5C110E5ED4C100C7819F /* UIKit.framework in Frameworks */,
				83B256E20E62FEA000468741 /* OpenGLES.framework in Frameworks */,
				83B2570B0E62FF8A00468741 /* QuartzCore.framework in Frameworks */,
				83B2574C0E63022200468741 /* OpenAL.framework in Frameworks */,
				83B2574F0E63025400468741 /* libiconv.2.dylib in Frameworks */,
				D8A1C700bE80637F200160D4 /* RevMobAds.a in Frameworks */,
				D8A1C700dE80637F200160D4 /* libPlayHaven.a in Frameworks */,
				D8A1C72B0E8063A1000160D3 /* libiPhone-lib.a in Frameworks */,
				8358D1B80ED1CC3700E3A684 /* AudioToolbox.framework in Frameworks */,
				56FD43960ED4745200FE3770 /* CFNetwork.framework in Frameworks */,
				5682F4B20F3B34FF007A219C /* MediaPlayer.framework in Frameworks */,
				5692F3DD0FA9D8E500EBA2F1 /* CoreLocation.framework in Frameworks */,
				56BCBA390FCF049A0030C3B2 /* SystemConfiguration.framework in Frameworks */,
				08B24F76137BFDFA00FBA309 /* iAd.framework in Frameworks */,
				7F36C11113C5C673007FBDD9 /* CoreMedia.framework in Frameworks */,
				7F36C11213C5C673007FBDD9 /* CoreVideo.framework in Frameworks */,
				7F36C11313C5C673007FBDD9 /* AVFoundation.framework in Frameworks */,
				56B7959B1442E0F20026B3DD /* CoreGraphics.framework in Frameworks */,
				56B7960F1442E1770026B3DD /* CoreMotion.framework in Frameworks */,
				56B7961A1442E1B80026B3DD /* GameKit.framework in Frameworks */,
				499F31267B5B4371810EBDFF /* CoreTelephony.framework in Frameworks */,
				52FE88D1666340689D37C53D /* AdSupport.framework in Frameworks */,
				6FA58BCF881D415289A74023 /* TapjoyPublisherLibrary.a in Frameworks */,
				AA0B20D9584B417081B14463 /* StoreKit.framework in Frameworks */,
				09A7F0B95F7C4CF08E04F8AA /* CoreData.framework in Frameworks */,
				2B88A279D8654D10A827CB28 /* MessageUI.framework in Frameworks */,
				BC29D39ACDBC4FAD9A922D4A /* libAdapterIAd.a in Frameworks */,
				4CE5A782E8654C868AF76DE2 /* libGoogleAdMobAds.a in Frameworks */,
				769994D5736D49F686D0868B /* libChartboost.a in Frameworks */,
				580FABF3BCDA4761A43A716C /* libFlurry.a in Frameworks */,
				DBB1B725C8FC465E90383F8E /* libFlurryAds.a in Frameworks */,
				4864215FA5804EB3ACCB8365 /* libvunglepub.a in Frameworks */,
				2F1B722BE0D64F79AA34C54E /* libz.1.1.3.dylib in Frameworks */,
			);
			runOnlyForDeploymentPostprocessing = 0;
		};
/* End PBXFrameworksBuildPhase section */

/* Begin PBXGroup section */
		19109F87E65E46FCB46CB18B /* iAd */ = {
			isa = PBXGroup;
			children = (
				43408B9DCD95498594DACE9C /* AdManager.mm */,
				1EDA5AB2BC324F73AABC12AE /* AdManager.h */,
				FB39A484BECE4BAF9FE4F602 /* AdBinding.m */,
			);
			name = iAd;
			sourceTree = "<group>";
		};
		19C28FACFE9D520D11CA2CBB /* Products */ = {
			isa = PBXGroup;
			children = (
				1D6058910D05DD3D006BFB54 /* ssadmanagerios.app */,
			);
			name = Products;
			sourceTree = "<group>";
		};
		25F681A73B5E4C6BA1AA479F /* Vungle */ = {
			isa = PBXGroup;
			children = (
				1960BF0E4E31454E81712644 /* VungleManager.mm */,
				3E6389EA6CCC489A9A3479A8 /* VungleManager.h */,
				EFC635DB84604C4FB6FAC654 /* VungleBinding.m */,
				998385641CAC40DEB14DC34F /* vunglepub.h */,
				E6F35F17FF8548AC83FBF8B4 /* VGVunglePub.h */,
				FBE9D7FDD72F4518B9D09585 /* VGUserData.h */,
				0550C7001F6848B2A161C582 /* VGStatusData.h */,
				3A2F0F19775D481C9B5203FC /* VGPlayData.h */,
				4E9438166E2E4C298813F700 /* VGConstants.h */,
				014A9FE2826E465B9A7F2B14 /* VGAssertMacros.h */,
				7A3CB356D85843EA81267EB8 /* VGAdType.h */,
				1C4A2D63671E41A39B047EFF /* vg_button_mute_selected.png */,
				712484B3ACB948E8A13E139A /* vg_button_mute_plain.png */,
				E8E3E47CB70C42719D81CA94 /* vg_button_close.png */,
			);
			name = Vungle;
			sourceTree = "<group>";
		};
		29B97314FDCFA39411CA2CEA /* CustomTemplate */ = {
			isa = PBXGroup;
			children = (
				25F681A73B5E4C6BA1AA479F /* Vungle */,
				19109F87E65E46FCB46CB18B /* iAd */,
				9B368F49B2E6427E8E6F0FCE /* Flurry */,
				97BBB568CD404B4999DEAB40 /* ChartBoost */,
				73858A59ADEA4460967BC89A /* AdMob */,
				40725890F41A4CD1A33B1C9D /* Tapjoy */,
				56BCBA380FCF049A0030C3B2 /* SystemConfiguration.framework */,
				5692F3DC0FA9D8E500EBA2F1 /* CoreLocation.framework */,
				5682F4B10F3B34FF007A219C /* MediaPlayer.framework */,
				83DEA7410EACED0700D8A291 /* Default.png */,
				83DEA7420EACED0700D8A291 /* Icon.png */,
				D82DCFB50E8000A5005D6AD8 /* Classes */,
				D8A1C7220E80637F000160D3 /* Libraries */,
				8D1107310486CEB800E47090 /* Info.plist */,
				29B97323FDCFA39411CA2CEA /* Frameworks */,
				19C28FACFE9D520D11CA2CBB /* Products */,
				830B5C100E5ED4C100C7819F /* UIKit.framework */,
				83B256E10E62FEA000468741 /* OpenGLES.framework */,
				83B2570A0E62FF8A00468741 /* QuartzCore.framework */,
				83B2574B0E63022200468741 /* OpenAL.framework */,
				83B2574E0E63025400468741 /* libiconv.2.dylib */,
				56FD43950ED4745200FE3770 /* CFNetwork.framework */,
				8358D1B70ED1CC3700E3A684 /* AudioToolbox.framework */,
				08B24F75137BFDFA00FBA309 /* iAd.framework */,
				7F36C10E13C5C673007FBDD9 /* CoreMedia.framework */,
				7F36C10F13C5C673007FBDD9 /* CoreVideo.framework */,
				7F36C11013C5C673007FBDD9 /* AVFoundation.framework */,
				56B7959A1442E0F20026B3DD /* CoreGraphics.framework */,
				56B795C11442E1100026B3DD /* CoreMotion.framework */,
				56B796191442E1B80026B3DD /* GameKit.framework */,
			);
			name = CustomTemplate;
			sourceTree = "<group>";
		};
		29B97323FDCFA39411CA2CEA /* Frameworks */ = {
			isa = PBXGroup;
			children = (
				0B30ED0EE1BF4EBD93973AE2 /* libz.1.1.3.dylib */,
				16D2F5002AB84C0591BF95A9 /* libvunglepub.a */,
				CA2B21E8CDF14426B85CCE90 /* libFlurryAds.a */,
				DBC1D3BB18D54E79AA75E469 /* libFlurry.a */,
				FC6FC04453DA46A880AA6311 /* libChartboost.a */,
				4B4255F32BFD42F69E5243C0 /* libGoogleAdMobAds.a */,
				8073A5BCA92E4329BD0F66AD /* libAdapterIAd.a */,
				BDF5DEDCBC0A4884ADBB4AEC /* MessageUI.framework */,
				64350B2B53E44EF78ECC432F /* CoreData.framework */,
				1DCC87802B2C465CB36BB197 /* StoreKit.framework */,
				CACA1B63213F44D0A18EB385 /* TapjoyPublisherLibrary.a */,
				ACA9CA74878C44019202454D /* AdSupport.framework */,
				4E0950CAE2C84DFC9B248EB1 /* CoreTelephony.framework */,
				1D30AB110D05D00D00671497 /* Foundation.framework */,
			);
			name = Frameworks;
			sourceTree = "<group>";
		};
		40725890F41A4CD1A33B1C9D /* Tapjoy */ = {
			isa = PBXGroup;
			children = (
				888FF568141B44E486FC020F /* TapjoyResources.bundle */,
				AAFCADB3809B4FF9A803EA5B /* TapjoyConnectPlugin.mm */,
				9F69E685D9E94FF3823F0860 /* TapjoyConnectPlugin.h */,
				7ECE3B18683E43BFAA4F8E52 /* TapjoyConnectConstants.h */,
				06BF264830394A9C9295514E /* TapjoyConnect.h */,
			);
			name = Tapjoy;
			sourceTree = "<group>";
		};
		73858A59ADEA4460967BC89A /* AdMob */ = {
			isa = PBXGroup;
			children = (
				36327013E7F840169F7BDBEE /* GADRequestError.h */,
				66AE6A9E8AEB4E28AD944E82 /* GADRequest.h */,
				530E1E6969FE4E1A85801C20 /* GADInterstitialDelegate.h */,
				A82F29830D0D4DABA3DF7A9F /* GADInterstitial.h */,
				49F0C1E0F2284A2FB2A63A1F /* GADBannerViewDelegate.h */,
				BC649E11327D4E6A937CF322 /* GADBannerView.h */,
				4890D10CBFAB4AD2A9B8A527 /* GADAdSize.h */,
				07227B9ED2E14CC1B76548DD /* GADAdNetworkExtras.h */,
				418BA14BCD7D4900AA24BCCF /* GADAdMobExtras.h */,
				D113BA054D4746B0A84715AB /* AdMobManager.mm */,
				0332F9B58C1F458D838B6823 /* AdMobManager.h */,
				125C87348C524351A69610A3 /* AdMobBinding.m */,
			);
			name = AdMob;
			sourceTree = "<group>";
		};
		8A3EDDC51615B7C1001839E9 /* UI */ = {
			isa = PBXGroup;
			children = (
				8A9FCB111617295F00C05364 /* ActivityIndicator.h */,
				8A9FCB121617295F00C05364 /* ActivityIndicator.mm */,
				8A142DC41636943E00DD87CA /* Keyboard.h */,
				8A142DC51636943E00DD87CA /* Keyboard.mm */,
				8A3EDDC61615B7C1001839E9 /* SplashScreen.h */,
				8A3EDDC71615B7C1001839E9 /* SplashScreen.mm */,
				8A21AED21622F59300AF8007 /* UnityViewControllerBase.h */,
				8A21AED31622F59300AF8007 /* UnityViewControllerBase.mm */,
				8A592F4916176267006B38FC /* VideoViewController.h */,
				8A592F4A16176267006B38FC /* VideoViewController.mm */,
			);
			path = UI;
			sourceTree = "<group>";
		};
		8AF18FE316490981007B4420 /* Unity */ = {
			isa = PBXGroup;
			children = (
				8A5E0B8F16849D1800CBB6FE /* DisplayManager.h */,
				8A5E0B9016849D1800CBB6FE /* DisplayManager.mm */,
				8A0FED471649699200E9727D /* EAGLContextHelper.h */,
				8A0FED481649699200E9727D /* EAGLContextHelper.mm */,
				8A1FFFAB16512A9000DD0934 /* GlesHelper.h */,
				8A1FFFAC16512A9000DD0934 /* GlesHelper.mm */,
			);
			path = Unity;
			sourceTree = "<group>";
		};
		97BBB568CD404B4999DEAB40 /* ChartBoost */ = {
			isa = PBXGroup;
			children = (
				EF1E8E135C994465A01A8CAE /* JSONKit.m */,
				8AA4AEF3FD9C4388B03C90DD /* JSONKit.h */,
				92C22207E2A3494BBFDCFAF1 /* ChartBoostManager.mm */,
				30B45CFE5D9E422F8CCCF955 /* ChartBoostManager.h */,
				C524F731789248879AC78730 /* ChartBoostBinding.m */,
				7E3080FE6FAA473C830867F4 /* Chartboost.h */,
				AD9FE87886ED41D0A12FC315 /* CBAnalytics.h */,
			);
			name = ChartBoost;
			sourceTree = "<group>";
		};
		9B368F49B2E6427E8E6F0FCE /* Flurry */ = {
			isa = PBXGroup;
			children = (
				011174FD45654C14A9BA1985 /* FlurryCustomAdNetworkProperties.h */,
				11EAEE9C52C940808FD29137 /* FlurryCustomAdNetworkDelegate.h */,
				350D11BBDE104C1190D2DDB9 /* FlurryCustomAdNetwork.h */,
				F5DDE227C4A947959CF4167A /* FlurryAds.h */,
				4A6B8BA2CA4F464994240B9A /* FlurryAdDelegate.h */,
				334B3B5B73D44092816CE550 /* Flurry.h */,
				7C122A6F2CBE4B4FA4DF9BA0 /* FlurryManager.mm */,
				89479E31BB45451FAB8DFF02 /* FlurryManager.h */,
				D69B182169E44095BBE560EB /* FlurryBinding.m */,
			);
			name = Flurry;
			sourceTree = "<group>";
		};
		D82DCFB50E8000A5005D6AD8 /* Classes */ = {
			isa = PBXGroup;
			children = (
				8AF18FE316490981007B4420 /* Unity */,
				8A3EDDC51615B7C1001839E9 /* UI */,
				8AFA69D7161605E7009663A5 /* iPhone_OrientationSupport.h */,
				8AFA69D8161605E7009663A5 /* iPhone_OrientationSupport.mm */,
				56DBF99E15E3CE85007A4A8D /* iPhone_Sensors.h */,
				56DBF99C15E3CDC9007A4A8D /* iPhone_Sensors.mm */,
				8A9EB22C156E5A25000DC2B4 /* iPhone_View.h */,
				8A9EB22D156E5A25000DC2B4 /* iPhone_View.mm */,
				8A2EF5B61385C5F20070AA2F /* iPhone_Common.h */,
				8A2EF43C138549090070AA2F /* iPhone_Profiler.cpp */,
				8A2EF43D138549090070AA2F /* iPhone_Profiler.h */,
				D82DCFB60E8000A5005D6AD8 /* AppController.h */,
				D82DCFB70E8000A5005D6AD8 /* AppController.mm */,
				D82DCFBA0E8000A5005D6AD8 /* iPhone_target_Prefix.pch */,
				D82DCFBB0E8000A5005D6AD8 /* main.mm */,
				D82DCFBD0E8000A5005D6AD8 /* RegisterClasses.cpp */,
				D82DCFBE0E8000A5005D6AD8 /* RegisterClasses.h */,
			);
			path = Classes;
			sourceTree = SOURCE_ROOT;
		};
		D8A1C7220E80637F000160D3 /* Libraries */ = {
			isa = PBXGroup;
			children = (
				D8A1C700bE80637F100160D4 /* RevMobAds.a */,
				D8A1C700dE80637F100160D4 /* libPlayHaven.a */,
				D8A1C72A0E8063A1000160D3 /* libiPhone-lib.a */,
				D8A1C7000E80637F100160D4 /* Assembly-CSharp-firstpass.dll.s */,
				D8A1C7001E80637F100160D4 /* Assembly-CSharp.dll.s */,
				D8A1C7002E80637F100160D4 /* LitJSON.dll.s */,
				D8A1C7003E80637F100160D4 /* Mono.Security.dll.s */,
				D8A1C7004E80637F100160D4 /* P31RestKit.dll.s */,
				D8A1C7005E80637F100160D4 /* System.Core.dll.s */,
				D8A1C7006E80637F100160D4 /* System.Xml.dll.s */,
				D8A1C7007E80637F100160D4 /* System.dll.s */,
				D8A1C7008E80637F100160D4 /* UnityEngine.dll.s */,
				D8A1C7009E80637F100160D4 /* mscorlib.dll.s */,
				D8A1C700aE80637F100160D4 /* PHUnityIntegration.mm */,
				D8A1C700cE80637F100160D4 /* RevMobUnityiOSBinding.m */,
				D8A1C700eE80637F100160D4 /* Icon@2x.png */,
				D8A1C700fE80637F100160D4 /* Default@2x.png */,
				D8A1C7010E80637F100160D4 /* Default-568h@2x.png */,
				D8A1C7011E80637F100160D4 /* Default-Landscape.png */,
				D8A1C7012E80637F100160D4 /* Default-Portrait.png */,
				D8A1C7013E80637F100160D4 /* Default-Landscape@2x.png */,
				D8A1C7014E80637F100160D4 /* Default-Portrait@2x.png */,
				D8A1C7015E80637F100160D4 /* Icon-72.png */,
				D8A1C7016E80637F100160D4 /* Icon-144.png */,
				D8A1C7240E80637F000160D3 /* RegisterMonoModules.cpp */,
				D8A1C7250E80637F000160D3 /* RegisterMonoModules.h */,
			);
			path = Libraries;
			sourceTree = SOURCE_ROOT;
		};
/* End PBXGroup section */

/* Begin PBXNativeTarget section */
		1D6058900D05DD3D006BFB54 /* Unity-iPhone */ = {
			isa = PBXNativeTarget;
			buildConfigurationList = 1D6058960D05DD3E006BFB54 /* Build configuration list for PBXNativeTarget "Unity-iPhone" */;
			buildPhases = (
				1D60588D0D05DD3D006BFB54 /* Resources */,
				83D0C1FB0E6C8D5900EBCE5D /* ShellScript */,
				83D0C1FD0E6C8D7700EBCE5D /* CopyFiles */,
				1D60588E0D05DD3D006BFB54 /* Sources */,
				1D60588F0D05DD3D006BFB54 /* Frameworks */,
			);
			buildRules = (
			);
			dependencies = (
			);
			name = "Unity-iPhone";
			productName = "iPhone-target";
			productReference = 1D6058910D05DD3D006BFB54 /* ssadmanagerios.app */;
			productType = "com.apple.product-type.application";
		};
/* End PBXNativeTarget section */

/* Begin PBXProject section */
		29B97313FDCFA39411CA2CEA /* Project object */ = {
			isa = PBXProject;
			buildConfigurationList = C01FCF4E08A954540054247B /* Build configuration list for PBXProject "Unity-iPhone" */;
			compatibilityVersion = "Xcode 3.2";
			developmentRegion = English;
			hasScannedForEncodings = 1;
			knownRegions = (
				English,
				Japanese,
				French,
				German,
			);
			mainGroup = 29B97314FDCFA39411CA2CEA /* CustomTemplate */;
			projectDirPath = "";
			projectRoot = "";
			targets = (
				1D6058900D05DD3D006BFB54 /* Unity-iPhone */,
			);
		};
/* End PBXProject section */

/* Begin PBXResourcesBuildPhase section */
		1D60588D0D05DD3D006BFB54 /* Resources */ = {
			isa = PBXResourcesBuildPhase;
			buildActionMask = 2147483647;
			files = (
				83DEA7430EACED0700D8A291 /* Default.png in Resources */,
				83DEA7440EACED0700D8A291 /* Icon.png in Resources */,
				F4AE2651FEF947298F651CFA /* TapjoyResources.bundle in Resources */,
				18FEF78AA0164B2FA5C4C2E2 /* vg_button_close.png in Resources */,
				670CE8CDA23746DBBA911F20 /* vg_button_mute_plain.png in Resources */,
				A85FB57951F540C39F4C9F5E /* vg_button_mute_selected.png in Resources */,
			);
			runOnlyForDeploymentPostprocessing = 0;
		};
/* End PBXResourcesBuildPhase section */

/* Begin PBXShellScriptBuildPhase section */
		83D0C1FB0E6C8D5900EBCE5D /* ShellScript */ = {
			isa = PBXShellScriptBuildPhase;
			buildActionMask = 2147483647;
			files = (
			);
			inputPaths = (
			);
			outputPaths = (
			);
			runOnlyForDeploymentPostprocessing = 0;
			shellPath = /bin/sh;
			shellScript = "rm -rf \"$TARGET_BUILD_DIR/$PRODUCT_NAME.app/Data\"\ncp -Rf \"$PROJECT_DIR/Data\" \"$TARGET_BUILD_DIR/$PRODUCT_NAME.app/Data\"\nif [ \"$PLATFORM_NAME\" == \"iphonesimulator\" ]\nthen cp -f \"$PROJECT_DIR\"/*.png \"$TARGET_BUILD_DIR/$PRODUCT_NAME.app/\"\n                          fi";
		};
/* End PBXShellScriptBuildPhase section */

/* Begin PBXSourcesBuildPhase section */
		1D60588E0D05DD3D006BFB54 /* Sources */ = {
			isa = PBXSourcesBuildPhase;
			buildActionMask = 2147483647;
			files = (
				D82DCFC10E8000A5005D6AD8 /* AppController.mm in Sources */,
				D82DCFC30E8000A5005D6AD8 /* main.mm in Sources */,
				D82DCFC50E8000A5005D6AD8 /* RegisterClasses.cpp in Sources */,
				D8A1C7000E80637F000160D4 /* Assembly-CSharp-firstpass.dll.s in Sources */,
				D8A1C7001E80637F000160D4 /* Assembly-CSharp.dll.s in Sources */,
				D8A1C7002E80637F000160D4 /* LitJSON.dll.s in Sources */,
				D8A1C7003E80637F000160D4 /* Mono.Security.dll.s in Sources */,
				D8A1C7004E80637F000160D4 /* P31RestKit.dll.s in Sources */,
				D8A1C7005E80637F000160D4 /* System.Core.dll.s in Sources */,
				D8A1C7006E80637F000160D4 /* System.Xml.dll.s in Sources */,
				D8A1C7007E80637F000160D4 /* System.dll.s in Sources */,
				D8A1C7008E80637F000160D4 /* UnityEngine.dll.s in Sources */,
				D8A1C7009E80637F000160D4 /* mscorlib.dll.s in Sources */,
				D8A1C700aE80637F000160D4 /* PHUnityIntegration.mm in Sources */,
				D8A1C700cE80637F000160D4 /* RevMobUnityiOSBinding.m in Sources */,
				D8A1C700eE80637F000160D4 /* Icon@2x.png in Sources */,
				D8A1C700fE80637F000160D4 /* Default@2x.png in Sources */,
				D8A1C7010E80637F000160D4 /* Default-568h@2x.png in Sources */,
				D8A1C7011E80637F000160D4 /* Default-Landscape.png in Sources */,
				D8A1C7012E80637F000160D4 /* Default-Portrait.png in Sources */,
				D8A1C7013E80637F000160D4 /* Default-Landscape@2x.png in Sources */,
				D8A1C7014E80637F000160D4 /* Default-Portrait@2x.png in Sources */,
				D8A1C7015E80637F000160D4 /* Icon-72.png in Sources */,
				D8A1C7016E80637F000160D4 /* Icon-144.png in Sources */,
				D8A1C7280E80637F000160D3 /* RegisterMonoModules.cpp in Sources */,
				8A2EF43E138549090070AA2F /* iPhone_Profiler.cpp in Sources */,
				8A9EB22E156E5A25000DC2B4 /* iPhone_View.mm in Sources */,
				56DBF99D15E3CDC9007A4A8D /* iPhone_Sensors.mm in Sources */,
				8A3EDDC81615B7C1001839E9 /* SplashScreen.mm in Sources */,
				8AFA69D9161605E7009663A5 /* iPhone_OrientationSupport.mm in Sources */,
				8A9FCB131617295F00C05364 /* ActivityIndicator.mm in Sources */,
				8A592F4B16176267006B38FC /* VideoViewController.mm in Sources */,
				8A21AED41622F59300AF8007 /* UnityViewControllerBase.mm in Sources */,
				8A142DC61636943E00DD87CA /* Keyboard.mm in Sources */,
				8A0FED491649699200E9727D /* EAGLContextHelper.mm in Sources */,
				8A1FFFAD16512A9000DD0934 /* GlesHelper.mm in Sources */,
				8A5E0B9116849D1800CBB6FE /* DisplayManager.mm in Sources */,
				DE3A92C736864734A9BD4261 /* TapjoyConnectPlugin.mm in Sources */,
				2EE2217575FF4FFD9191BE74 /* AdMobBinding.m in Sources */,
				956C7B4C790842F2A58335CA /* AdMobManager.mm in Sources */,
				A93C3E29E848456BAE629626 /* ChartBoostBinding.m in Sources */,
				028F3037A64B4F8D8E003451 /* ChartBoostManager.mm in Sources */,
				D8FD3A741E2D432E97FE0BD6 /* JSONKit.m in Sources */,
				8400564A9BF14A239ABFE172 /* FlurryBinding.m in Sources */,
				DC06645D85A548088374AF29 /* FlurryManager.mm in Sources */,
				F22A5275A09D4DD3925D6E85 /* AdBinding.m in Sources */,
				0FEBB6AABADA46E99728BBA5 /* AdManager.mm in Sources */,
				FB58AE36DECE4075B24D35CD /* VungleBinding.m in Sources */,
				E70AA0276D774C298D3D04C1 /* VungleManager.mm in Sources */,
			);
			runOnlyForDeploymentPostprocessing = 0;
		};
/* End PBXSourcesBuildPhase section */

/* Begin XCBuildConfiguration section */
		1D6058940D05DD3E006BFB54 /* Debug */ = {
			isa = XCBuildConfiguration;
			buildSettings = {
				ALWAYS_SEARCH_USER_PATHS = NO;
				ARCHS = armv7;
				CONFIGURATION_BUILD_DIR = "$(BUILD_DIR)";
				COPY_PHASE_STRIP = NO;
				GCC_DYNAMIC_NO_PIC = NO;
				GCC_OPTIMIZATION_LEVEL = 0;
				GCC_PRECOMPILE_PREFIX_HEADER = YES;
				GCC_PREFIX_HEADER = Classes/iPhone_target_Prefix.pch;
				GCC_USE_INDIRECT_FUNCTION_CALLS = NO;
				INFOPLIST_FILE = Info.plist;
				IPHONEOS_DEPLOYMENT_TARGET = 5.0;
				LIBRARY_SEARCH_PATHS = (
					"\"/Users/freddeyles/Desktop/Current Work/unity-admanager/SSAdManager-iOS/Assets/Editor/Vungle/\"/**",
					"\"/Users/freddeyles/Desktop/Current Work/unity-admanager/SSAdManager-iOS/Assets/Editor/Flurry/\"/**",
					"\"/Users/freddeyles/Desktop/Current Work/unity-admanager/SSAdManager-iOS/Assets/Editor/Flurry/\"/**",
					"\"/Users/freddeyles/Desktop/Current Work/unity-admanager/SSAdManager-iOS/Assets/Editor/ChartBoost/\"/**",
					"\"/Users/freddeyles/Desktop/Current Work/unity-admanager/SSAdManager-iOS/Assets/Editor/AdMob/\"/**",
					"\"/Users/freddeyles/Desktop/Current Work/unity-admanager/SSAdManager-iOS/Assets/Editor/AdMob/\"/**",
					"\"/Users/freddeyles/Desktop/Current Work/unity-admanager/SSAdManager-iOS/Assets/Editor/Tapjoy/iOS/\"/**",
					"$(inherited)",
					"\"$(SRCROOT)\"",
					"\"$(SRCROOT)/Libraries\"",
				);
				OTHER_CFLAGS = "-mno-thumb";
				OTHER_LDFLAGS = (
					"-weak_framework",
					CoreMotion,
					"-weak-lSystem",
					"-ObjC",
					"-all_load",
				);
				PRODUCT_NAME = ssadmanagerios;
				SDKROOT = iphoneos;
				SUPPORTED_PLATFORMS = iphoneos;
				TARGETED_DEVICE_FAMILY = "1,2";
			};
			name = Debug;
		};
		1D6058950D05DD3E006BFB54 /* Release */ = {
			isa = XCBuildConfiguration;
			buildSettings = {
				ALWAYS_SEARCH_USER_PATHS = NO;
				ARCHS = armv7;
				CONFIGURATION_BUILD_DIR = "$(BUILD_DIR)";
				COPY_PHASE_STRIP = YES;
				DEBUG_INFORMATION_FORMAT = dwarf;
				GCC_PRECOMPILE_PREFIX_HEADER = YES;
				GCC_PREFIX_HEADER = Classes/iPhone_target_Prefix.pch;
				INFOPLIST_FILE = Info.plist;
				IPHONEOS_DEPLOYMENT_TARGET = 5.0;
				LIBRARY_SEARCH_PATHS = (
					"\"/Users/freddeyles/Desktop/Current Work/unity-admanager/SSAdManager-iOS/Assets/Editor/Vungle/\"/**",
					"\"/Users/freddeyles/Desktop/Current Work/unity-admanager/SSAdManager-iOS/Assets/Editor/Flurry/\"/**",
					"\"/Users/freddeyles/Desktop/Current Work/unity-admanager/SSAdManager-iOS/Assets/Editor/Flurry/\"/**",
					"\"/Users/freddeyles/Desktop/Current Work/unity-admanager/SSAdManager-iOS/Assets/Editor/ChartBoost/\"/**",
					"\"/Users/freddeyles/Desktop/Current Work/unity-admanager/SSAdManager-iOS/Assets/Editor/AdMob/\"/**",
					"\"/Users/freddeyles/Desktop/Current Work/unity-admanager/SSAdManager-iOS/Assets/Editor/AdMob/\"/**",
					"\"/Users/freddeyles/Desktop/Current Work/unity-admanager/SSAdManager-iOS/Assets/Editor/Tapjoy/iOS/\"/**",
					"$(inherited)",
					"\"$(SRCROOT)\"",
					"\"$(SRCROOT)/Libraries\"",
				);
				ONLY_ACTIVE_ARCH = NO;
				OTHER_CFLAGS = "-mno-thumb";
				OTHER_LDFLAGS = (
					"-weak_framework",
					CoreMotion,
					"-weak-lSystem",
					"-Wl,-S,-x",
					"-ObjC",
					"-all_load",
				);
				PRODUCT_NAME = ssadmanagerios;
				SDKROOT = iphoneos;
				SUPPORTED_PLATFORMS = iphoneos;
				TARGETED_DEVICE_FAMILY = "1,2";
			};
			name = Release;
		};
		C01FCF4F08A954540054247B /* Debug */ = {
			isa = XCBuildConfiguration;
			buildSettings = {
				ARCHS = armv7;
				"CODE_SIGN_IDENTITY[sdk=iphoneos*]" = "iPhone Developer";
				GCC_C_LANGUAGE_STANDARD = c99;
				GCC_ENABLE_CPP_EXCEPTIONS = NO;
				GCC_ENABLE_CPP_RTTI = NO;
				GCC_ENABLE_OBJC_EXCEPTIONS = YES;
				GCC_THUMB_SUPPORT = NO;
				GCC_USE_INDIRECT_FUNCTION_CALLS = YES;
				GCC_WARN_ABOUT_RETURN_TYPE = YES;
				GCC_WARN_UNUSED_VARIABLE = YES;
				ONLY_ACTIVE_ARCH = NO;
				OTHER_LDFLAGS = (
					"-ObjC,-all_load",
					"-all_load",
					"-ObjC",
				);
				PREBINDING = NO;
				SDKROOT = iphoneos;
				SUPPORTED_PLATFORMS = iphoneos;
			};
			name = Debug;
		};
		C01FCF5008A954540054247B /* Release */ = {
			isa = XCBuildConfiguration;
			buildSettings = {
				ARCHS = armv7;
				"CODE_SIGN_IDENTITY[sdk=iphoneos*]" = "iPhone Developer";
				GCC_C_LANGUAGE_STANDARD = c99;
				GCC_ENABLE_CPP_EXCEPTIONS = NO;
				GCC_ENABLE_CPP_RTTI = NO;
				GCC_ENABLE_OBJC_EXCEPTIONS = YES;
				GCC_GENERATE_DEBUGGING_SYMBOLS = NO;
				GCC_THUMB_SUPPORT = NO;
				GCC_USE_INDIRECT_FUNCTION_CALLS = NO;
				GCC_WARN_ABOUT_RETURN_TYPE = YES;
				GCC_WARN_UNUSED_VARIABLE = YES;
				OTHER_LDFLAGS = (
					"-Wl,-S,-x,-ObjC,-all_load",
					"-all_load",
					"-ObjC",
				);
				PREBINDING = NO;
				SDKROOT = iphoneos;
				SUPPORTED_PLATFORMS = iphoneos;
			};
			name = Release;
		};
/* End XCBuildConfiguration section */

/* Begin XCConfigurationList section */
		1D6058960D05DD3E006BFB54 /* Build configuration list for PBXNativeTarget "Unity-iPhone" */ = {
			isa = XCConfigurationList;
			buildConfigurations = (
				1D6058950D05DD3E006BFB54 /* Release */,
				1D6058940D05DD3E006BFB54 /* Debug */,
			);
			defaultConfigurationIsVisible = 0;
			defaultConfigurationName = Release;
		};
		C01FCF4E08A954540054247B /* Build configuration list for PBXProject "Unity-iPhone" */ = {
			isa = XCConfigurationList;
			buildConfigurations = (
				C01FCF5008A954540054247B /* Release */,
				C01FCF4F08A954540054247B /* Debug */,
			);
			defaultConfigurationIsVisible = 0;
			defaultConfigurationName = Release;
		};
/* End XCConfigurationList section */
	};
	rootObject = 29B97313FDCFA39411CA2CEA /* Project object */;
}
