// !$*UTF8*$!
{
	archiveVersion = 1;
	classes = {
	};
	objectVersion = 46;
	objects = {

/* Begin PBXBuildFile section */
		08B24F76137BFDFA00FBA309 /* iAd.framework in Frameworks */ = {isa = PBXBuildFile; fileRef = 08B24F75137BFDFA00FBA309 /* iAd.framework */; settings = {ATTRIBUTES = (Weak, ); }; };
		18C05964FA9E4F1C9008C440 /* CoreData.framework in Frameworks */ = {isa = PBXBuildFile; fileRef = FD621782AB754CB784F9DCD2 /* CoreData.framework */; };
		1D60589F0D05DD5A006BFB54 /* Foundation.framework in Frameworks */ = {isa = PBXBuildFile; fileRef = 1D30AB110D05D00D00671497 /* Foundation.framework */; };
		20A4D75BBEC245E7BDCC5FAA /* AdMobBinding.m in Sources */ = {isa = PBXBuildFile; fileRef = E1BB5713FBA54B7FB6D470D1 /* AdMobBinding.m */; };
		299410B8F6594FA49B510061 /* AdManager.mm in Sources */ = {isa = PBXBuildFile; fileRef = 256CA55DC46F44929734BC4F /* AdManager.mm */; };
		32674267AF7943A1A1DA4247 /* libGoogleAdMobAds.a in Frameworks */ = {isa = PBXBuildFile; fileRef = 52FB640E3211434E8A2660DD /* libGoogleAdMobAds.a */; };
		3EAC939E19524A6A897D5AAF /* MessageUI.framework in Frameworks */ = {isa = PBXBuildFile; fileRef = C995CCCE67BA4220BAA880EC /* MessageUI.framework */; };
		5682F4B20F3B34FF007A219C /* MediaPlayer.framework in Frameworks */ = {isa = PBXBuildFile; fileRef = 5682F4B10F3B34FF007A219C /* MediaPlayer.framework */; };
		5692F3DD0FA9D8E500EBA2F1 /* CoreLocation.framework in Frameworks */ = {isa = PBXBuildFile; fileRef = 5692F3DC0FA9D8E500EBA2F1 /* CoreLocation.framework */; };
		56B7959B1442E0F20026B3DD /* CoreGraphics.framework in Frameworks */ = {isa = PBXBuildFile; fileRef = 56B7959A1442E0F20026B3DD /* CoreGraphics.framework */; };
		56B7960F1442E1770026B3DD /* CoreMotion.framework in Frameworks */ = {isa = PBXBuildFile; fileRef = 56B795C11442E1100026B3DD /* CoreMotion.framework */; settings = {ATTRIBUTES = (Weak, ); }; };
		56B7961A1442E1B80026B3DD /* GameKit.framework in Frameworks */ = {isa = PBXBuildFile; fileRef = 56B796191442E1B80026B3DD /* GameKit.framework */; settings = {ATTRIBUTES = (Weak, ); }; };
		56BCBA390FCF049A0030C3B2 /* SystemConfiguration.framework in Frameworks */ = {isa = PBXBuildFile; fileRef = 56BCBA380FCF049A0030C3B2 /* SystemConfiguration.framework */; };
		56DBF99D15E3CDC9007A4A8D /* iPhone_Sensors.mm in Sources */ = {isa = PBXBuildFile; fileRef = 56DBF99C15E3CDC9007A4A8D /* iPhone_Sensors.mm */; };
		56FD43960ED4745200FE3770 /* CFNetwork.framework in Frameworks */ = {isa = PBXBuildFile; fileRef = 56FD43950ED4745200FE3770 /* CFNetwork.framework */; };
		5EFF842DCDD043278A419F43 /* AdSupport.framework in Frameworks */ = {isa = PBXBuildFile; fileRef = F13958E4A56943A5ADBDC78E /* AdSupport.framework */; settings = {ATTRIBUTES = (Weak, ); }; };
		63C56852A96D4C438000C9FD /* libChartboost.a in Frameworks */ = {isa = PBXBuildFile; fileRef = 56BA81A6532B44DFB5E163EA /* libChartboost.a */; };
		6FA4716A92D54D7986A9B982 /* ChartBoostBinding.m in Sources */ = {isa = PBXBuildFile; fileRef = E8B19CD1C4C142BE8740821B /* ChartBoostBinding.m */; };
		7F36C11113C5C673007FBDD9 /* CoreMedia.framework in Frameworks */ = {isa = PBXBuildFile; fileRef = 7F36C10E13C5C673007FBDD9 /* CoreMedia.framework */; };
		7F36C11213C5C673007FBDD9 /* CoreVideo.framework in Frameworks */ = {isa = PBXBuildFile; fileRef = 7F36C10F13C5C673007FBDD9 /* CoreVideo.framework */; };
		7F36C11313C5C673007FBDD9 /* AVFoundation.framework in Frameworks */ = {isa = PBXBuildFile; fileRef = 7F36C11013C5C673007FBDD9 /* AVFoundation.framework */; settings = {ATTRIBUTES = (Weak, ); }; };
		830B5C110E5ED4C100C7819F /* UIKit.framework in Frameworks */ = {isa = PBXBuildFile; fileRef = 830B5C100E5ED4C100C7819F /* UIKit.framework */; };
		8358D1B80ED1CC3700E3A684 /* AudioToolbox.framework in Frameworks */ = {isa = PBXBuildFile; fileRef = 8358D1B70ED1CC3700E3A684 /* AudioToolbox.framework */; };
		83B256E20E62FEA000468741 /* OpenGLES.framework in Frameworks */ = {isa = PBXBuildFile; fileRef = 83B256E10E62FEA000468741 /* OpenGLES.framework */; };
		83B2570B0E62FF8A00468741 /* QuartzCore.framework in Frameworks */ = {isa = PBXBuildFile; fileRef = 83B2570A0E62FF8A00468741 /* QuartzCore.framework */; };
		83B2574C0E63022200468741 /* OpenAL.framework in Frameworks */ = {isa = PBXBuildFile; fileRef = 83B2574B0E63022200468741 /* OpenAL.framework */; };
		83B2574F0E63025400468741 /* libiconv.2.dylib in Frameworks */ = {isa = PBXBuildFile; fileRef = 83B2574E0E63025400468741 /* libiconv.2.dylib */; };
		83DEA7430EACED0700D8A291 /* Default.png in Resources */ = {isa = PBXBuildFile; fileRef = 83DEA7410EACED0700D8A291 /* Default.png */; };
		83DEA7440EACED0700D8A291 /* Icon.png in Resources */ = {isa = PBXBuildFile; fileRef = 83DEA7420EACED0700D8A291 /* Icon.png */; };
		8A0FED491649699200E9727D /* EAGLContextHelper.mm in Sources */ = {isa = PBXBuildFile; fileRef = 8A0FED481649699200E9727D /* EAGLContextHelper.mm */; };
		8A142DC61636943E00DD87CA /* Keyboard.mm in Sources */ = {isa = PBXBuildFile; fileRef = 8A142DC51636943E00DD87CA /* Keyboard.mm */; };
		8A1FFFAD16512A9000DD0934 /* GlesHelper.mm in Sources */ = {isa = PBXBuildFile; fileRef = 8A1FFFAC16512A9000DD0934 /* GlesHelper.mm */; };
		8A21AED41622F59300AF8007 /* UnityViewControllerBase.mm in Sources */ = {isa = PBXBuildFile; fileRef = 8A21AED31622F59300AF8007 /* UnityViewControllerBase.mm */; };
		8A2EF43E138549090070AA2F /* iPhone_Profiler.cpp in Sources */ = {isa = PBXBuildFile; fileRef = 8A2EF43C138549090070AA2F /* iPhone_Profiler.cpp */; };
		8A3EDDC81615B7C1001839E9 /* SplashScreen.mm in Sources */ = {isa = PBXBuildFile; fileRef = 8A3EDDC71615B7C1001839E9 /* SplashScreen.mm */; };
		8A592F4B16176267006B38FC /* VideoViewController.mm in Sources */ = {isa = PBXBuildFile; fileRef = 8A592F4A16176267006B38FC /* VideoViewController.mm */; };
		8A5E0B9116849D1800CBB6FE /* DisplayManager.mm in Sources */ = {isa = PBXBuildFile; fileRef = 8A5E0B9016849D1800CBB6FE /* DisplayManager.mm */; };
		8A9EB22E156E5A25000DC2B4 /* iPhone_View.mm in Sources */ = {isa = PBXBuildFile; fileRef = 8A9EB22D156E5A25000DC2B4 /* iPhone_View.mm */; };
		8A9FCB131617295F00C05364 /* ActivityIndicator.mm in Sources */ = {isa = PBXBuildFile; fileRef = 8A9FCB121617295F00C05364 /* ActivityIndicator.mm */; };
		8AFA69D9161605E7009663A5 /* iPhone_OrientationSupport.mm in Sources */ = {isa = PBXBuildFile; fileRef = 8AFA69D8161605E7009663A5 /* iPhone_OrientationSupport.mm */; };
		8C8E61443B55458C93E8E8A6 /* ChartBoostManager.mm in Sources */ = {isa = PBXBuildFile; fileRef = BDD6759D17C94125B152C63F /* ChartBoostManager.mm */; };
		96BAE4861767AA8B00AA9E90 /* TapjoyConnectPlugin.mm in Sources */ = {isa = PBXBuildFile; fileRef = 96BAE4841767AA8B00AA9E90 /* TapjoyConnectPlugin.mm */; };
		96BAE4871767AA8B00AA9E90 /* TapjoyPublisherLibrary.a in Frameworks */ = {isa = PBXBuildFile; fileRef = 96BAE4851767AA8B00AA9E90 /* TapjoyPublisherLibrary.a */; };
		96BAE4891767AA9400AA9E90 /* CoreTelephony.framework in Frameworks */ = {isa = PBXBuildFile; fileRef = 96BAE4881767AA9400AA9E90 /* CoreTelephony.framework */; };
		9D91034551F14D62850DD4B7 /* AdBinding.m in Sources */ = {isa = PBXBuildFile; fileRef = 507AD479B62948BD8DB71395 /* AdBinding.m */; };
		AB83B29A588D404AA52CA282 /* JSONKit.m in Sources */ = {isa = PBXBuildFile; fileRef = FE2F0C65A46F49A89198CA3C /* JSONKit.m */; settings = {COMPILER_FLAGS = "-w"; }; };
		D82DCFC10E8000A5005D6AD8 /* AppController.mm in Sources */ = {isa = PBXBuildFile; fileRef = D82DCFB70E8000A5005D6AD8 /* AppController.mm */; };
		D82DCFC30E8000A5005D6AD8 /* main.mm in Sources */ = {isa = PBXBuildFile; fileRef = D82DCFBB0E8000A5005D6AD8 /* main.mm */; };
		D82DCFC50E8000A5005D6AD8 /* RegisterClasses.cpp in Sources */ = {isa = PBXBuildFile; fileRef = D82DCFBD0E8000A5005D6AD8 /* RegisterClasses.cpp */; };
		D8A1C7000E80637F000160D4 /* Assembly-CSharp-firstpass.dll.s in Sources */ = {isa = PBXBuildFile; fileRef = D8A1C7000E80637F100160D4 /* Assembly-CSharp-firstpass.dll.s */; };
		D8A1C7001E80637F000160D4 /* Assembly-CSharp.dll.s in Sources */ = {isa = PBXBuildFile; fileRef = D8A1C7001E80637F100160D4 /* Assembly-CSharp.dll.s */; };
		D8A1C7002E80637F000160D4 /* LitJSON.dll.s in Sources */ = {isa = PBXBuildFile; fileRef = D8A1C7002E80637F100160D4 /* LitJSON.dll.s */; };
		D8A1C7003E80637F000160D4 /* Mono.Security.dll.s in Sources */ = {isa = PBXBuildFile; fileRef = D8A1C7003E80637F100160D4 /* Mono.Security.dll.s */; };
		D8A1C7004E80637F000160D4 /* P31RestKit.dll.s in Sources */ = {isa = PBXBuildFile; fileRef = D8A1C7004E80637F100160D4 /* P31RestKit.dll.s */; };
		D8A1C7005E80637F000160D4 /* System.Core.dll.s in Sources */ = {isa = PBXBuildFile; fileRef = D8A1C7005E80637F100160D4 /* System.Core.dll.s */; };
		D8A1C7006E80637F000160D4 /* System.Xml.dll.s in Sources */ = {isa = PBXBuildFile; fileRef = D8A1C7006E80637F100160D4 /* System.Xml.dll.s */; };
		D8A1C7007E80637F000160D4 /* System.dll.s in Sources */ = {isa = PBXBuildFile; fileRef = D8A1C7007E80637F100160D4 /* System.dll.s */; };
		D8A1C7008E80637F000160D4 /* UnityEngine.dll.s in Sources */ = {isa = PBXBuildFile; fileRef = D8A1C7008E80637F100160D4 /* UnityEngine.dll.s */; };
		D8A1C7009E80637F000160D4 /* mscorlib.dll.s in Sources */ = {isa = PBXBuildFile; fileRef = D8A1C7009E80637F100160D4 /* mscorlib.dll.s */; };
		D8A1C700aE80637F000160D4 /* PHUnityIntegration.mm in Sources */ = {isa = PBXBuildFile; fileRef = D8A1C700aE80637F100160D4 /* PHUnityIntegration.mm */; };
		D8A1C700bE80637F200160D4 /* RevMobAds.a in Frameworks */ = {isa = PBXBuildFile; fileRef = D8A1C700bE80637F100160D4 /* RevMobAds.a */; };
		D8A1C700cE80637F000160D4 /* RevMobUnityiOSBinding.m in Sources */ = {isa = PBXBuildFile; fileRef = D8A1C700cE80637F100160D4 /* RevMobUnityiOSBinding.m */; };
		D8A1C700dE80637F200160D4 /* libPlayHaven.a in Frameworks */ = {isa = PBXBuildFile; fileRef = D8A1C700dE80637F100160D4 /* libPlayHaven.a */; };
		D8A1C700eE80637F000160D4 /* Icon@2x.png in Sources */ = {isa = PBXBuildFile; fileRef = D8A1C700eE80637F100160D4 /* Icon@2x.png */; };
		D8A1C700fE80637F000160D4 /* Default@2x.png in Sources */ = {isa = PBXBuildFile; fileRef = D8A1C700fE80637F100160D4 /* Default@2x.png */; };
		D8A1C7010E80637F000160D4 /* Default-568h@2x.png in Sources */ = {isa = PBXBuildFile; fileRef = D8A1C7010E80637F100160D4 /* Default-568h@2x.png */; };
		D8A1C7011E80637F000160D4 /* Default-Landscape.png in Sources */ = {isa = PBXBuildFile; fileRef = D8A1C7011E80637F100160D4 /* Default-Landscape.png */; };
		D8A1C7012E80637F000160D4 /* Default-Portrait.png in Sources */ = {isa = PBXBuildFile; fileRef = D8A1C7012E80637F100160D4 /* Default-Portrait.png */; };
		D8A1C7013E80637F000160D4 /* Default-Landscape@2x.png in Sources */ = {isa = PBXBuildFile; fileRef = D8A1C7013E80637F100160D4 /* Default-Landscape@2x.png */; };
		D8A1C7014E80637F000160D4 /* Default-Portrait@2x.png in Sources */ = {isa = PBXBuildFile; fileRef = D8A1C7014E80637F100160D4 /* Default-Portrait@2x.png */; };
		D8A1C7015E80637F000160D4 /* Icon-72.png in Sources */ = {isa = PBXBuildFile; fileRef = D8A1C7015E80637F100160D4 /* Icon-72.png */; };
		D8A1C7016E80637F000160D4 /* Icon-144.png in Sources */ = {isa = PBXBuildFile; fileRef = D8A1C7016E80637F100160D4 /* Icon-144.png */; };
		D8A1C7280E80637F000160D3 /* RegisterMonoModules.cpp in Sources */ = {isa = PBXBuildFile; fileRef = D8A1C7240E80637F000160D3 /* RegisterMonoModules.cpp */; };
		D8A1C72B0E8063A1000160D3 /* libiPhone-lib.a in Frameworks */ = {isa = PBXBuildFile; fileRef = D8A1C72A0E8063A1000160D3 /* libiPhone-lib.a */; };
		DD4E3E1221CF478087511ABA /* libAdapterIAd.a in Frameworks */ = {isa = PBXBuildFile; fileRef = F724FBF842664F70B7D3E551 /* libAdapterIAd.a */; };
		E3B3381796644E8384E197F1 /* AdMobManager.mm in Sources */ = {isa = PBXBuildFile; fileRef = 624F0116A10C4BA48F8FB66F /* AdMobManager.mm */; };
		E3C07CC4AD6C47AE9DEF2E06 /* StoreKit.framework in Frameworks */ = {isa = PBXBuildFile; fileRef = A699DD3E26AD462C9B209B97 /* StoreKit.framework */; };
/* End PBXBuildFile section */

/* Begin PBXCopyFilesBuildPhase section */
		83D0C1FD0E6C8D7700EBCE5D /* CopyFiles */ = {
			isa = PBXCopyFilesBuildPhase;
			buildActionMask = 2147483647;
			dstPath = "";
			dstSubfolderSpec = 0;
			files = (
			);
			runOnlyForDeploymentPostprocessing = 0;
		};
/* End PBXCopyFilesBuildPhase section */

/* Begin PBXFileReference section */
		08B24F75137BFDFA00FBA309 /* iAd.framework */ = {isa = PBXFileReference; lastKnownFileType = wrapper.framework; name = iAd.framework; path = System/Library/Frameworks/iAd.framework; sourceTree = SDKROOT; };
		09C2938BC95E4E5C8A8608F9 /* GADBannerViewDelegate.h */ = {isa = PBXFileReference; lastKnownFileType = sourcecode.c.h; name = GADBannerViewDelegate.h; path = ../../Assets/Editor/AdMob/SDK/GADBannerViewDelegate.h; sourceTree = "<group>"; };
		0A0604B2D76B447294E498AB /* GADInterstitial.h */ = {isa = PBXFileReference; lastKnownFileType = sourcecode.c.h; name = GADInterstitial.h; path = ../../Assets/Editor/AdMob/SDK/GADInterstitial.h; sourceTree = "<group>"; };
		0F6C0F6F0FBB4249B39D0D4A /* GADRequest.h */ = {isa = PBXFileReference; lastKnownFileType = sourcecode.c.h; name = GADRequest.h; path = ../../Assets/Editor/AdMob/SDK/GADRequest.h; sourceTree = "<group>"; };
		12247B92C6924FA3AA970D55 /* Chartboost.h */ = {isa = PBXFileReference; lastKnownFileType = sourcecode.c.h; name = Chartboost.h; path = ../../Assets/Editor/ChartBoost/Chartboost.h; sourceTree = "<group>"; };
		14E58500E11A48E2A23E8102 /* GADInterstitialDelegate.h */ = {isa = PBXFileReference; lastKnownFileType = sourcecode.c.h; name = GADInterstitialDelegate.h; path = ../../Assets/Editor/AdMob/SDK/GADInterstitialDelegate.h; sourceTree = "<group>"; };
		1D30AB110D05D00D00671497 /* Foundation.framework */ = {isa = PBXFileReference; lastKnownFileType = wrapper.framework; name = Foundation.framework; path = System/Library/Frameworks/Foundation.framework; sourceTree = SDKROOT; };
		1D6058910D05DD3D006BFB54 /* ssadmanagerios.app */ = {isa = PBXFileReference; explicitFileType = wrapper.application; includeInIndex = 0; path = ssadmanagerios.app; sourceTree = BUILT_PRODUCTS_DIR; };
		1D9E179A4BCE42B79BA46997 /* GADBannerView.h */ = {isa = PBXFileReference; lastKnownFileType = sourcecode.c.h; name = GADBannerView.h; path = ../../Assets/Editor/AdMob/SDK/GADBannerView.h; sourceTree = "<group>"; };
		256CA55DC46F44929734BC4F /* AdManager.mm */ = {isa = PBXFileReference; lastKnownFileType = sourcecode.cpp.objcpp; name = AdManager.mm; path = ../../Assets/Editor/iAd/AdManager.mm; sourceTree = "<group>"; };
		4EC49715F9ED454ABC44F5CA /* GADRequestError.h */ = {isa = PBXFileReference; lastKnownFileType = sourcecode.c.h; name = GADRequestError.h; path = ../../Assets/Editor/AdMob/SDK/GADRequestError.h; sourceTree = "<group>"; };
		507AD479B62948BD8DB71395 /* AdBinding.m */ = {isa = PBXFileReference; lastKnownFileType = sourcecode.c.objc; name = AdBinding.m; path = ../../Assets/Editor/iAd/AdBinding.m; sourceTree = "<group>"; };
		52FB640E3211434E8A2660DD /* libGoogleAdMobAds.a */ = {isa = PBXFileReference; lastKnownFileType = archive.ar; name = libGoogleAdMobAds.a; path = ../../Assets/Editor/AdMob/SDK/libGoogleAdMobAds.a; sourceTree = "<group>"; };
		5682F4B10F3B34FF007A219C /* MediaPlayer.framework */ = {isa = PBXFileReference; lastKnownFileType = wrapper.framework; name = MediaPlayer.framework; path = System/Library/Frameworks/MediaPlayer.framework; sourceTree = SDKROOT; };
		5692F3DC0FA9D8E500EBA2F1 /* CoreLocation.framework */ = {isa = PBXFileReference; lastKnownFileType = wrapper.framework; name = CoreLocation.framework; path = System/Library/Frameworks/CoreLocation.framework; sourceTree = SDKROOT; };
		56B7959A1442E0F20026B3DD /* CoreGraphics.framework */ = {isa = PBXFileReference; lastKnownFileType = wrapper.framework; name = CoreGraphics.framework; path = System/Library/Frameworks/CoreGraphics.framework; sourceTree = SDKROOT; };
		56B795C11442E1100026B3DD /* CoreMotion.framework */ = {isa = PBXFileReference; lastKnownFileType = wrapper.framework; name = CoreMotion.framework; path = System/Library/Frameworks/CoreMotion.framework; sourceTree = SDKROOT; };
		56B796191442E1B80026B3DD /* GameKit.framework */ = {isa = PBXFileReference; lastKnownFileType = wrapper.framework; name = GameKit.framework; path = System/Library/Frameworks/GameKit.framework; sourceTree = SDKROOT; };
		56BA81A6532B44DFB5E163EA /* libChartboost.a */ = {isa = PBXFileReference; lastKnownFileType = archive.ar; name = libChartboost.a; path = ../../Assets/Editor/ChartBoost/libChartboost.a; sourceTree = "<group>"; };
		56BCBA380FCF049A0030C3B2 /* SystemConfiguration.framework */ = {isa = PBXFileReference; lastKnownFileType = wrapper.framework; name = SystemConfiguration.framework; path = System/Library/Frameworks/SystemConfiguration.framework; sourceTree = SDKROOT; };
		56DBF99C15E3CDC9007A4A8D /* iPhone_Sensors.mm */ = {isa = PBXFileReference; fileEncoding = 4; lastKnownFileType = sourcecode.cpp.objcpp; path = iPhone_Sensors.mm; sourceTree = "<group>"; };
		56DBF99E15E3CE85007A4A8D /* iPhone_Sensors.h */ = {isa = PBXFileReference; fileEncoding = 4; lastKnownFileType = sourcecode.c.h; path = iPhone_Sensors.h; sourceTree = "<group>"; };
		56FD43950ED4745200FE3770 /* CFNetwork.framework */ = {isa = PBXFileReference; lastKnownFileType = wrapper.framework; name = CFNetwork.framework; path = System/Library/Frameworks/CFNetwork.framework; sourceTree = SDKROOT; };
		624F0116A10C4BA48F8FB66F /* AdMobManager.mm */ = {isa = PBXFileReference; lastKnownFileType = sourcecode.cpp.objcpp; name = AdMobManager.mm; path = ../../Assets/Editor/AdMob/AdMobManager.mm; sourceTree = "<group>"; };
		68B2C524ED6845F091E2982C /* CBAnalytics.h */ = {isa = PBXFileReference; lastKnownFileType = sourcecode.c.h; name = CBAnalytics.h; path = ../../Assets/Editor/ChartBoost/CBAnalytics.h; sourceTree = "<group>"; };
		7F36C10E13C5C673007FBDD9 /* CoreMedia.framework */ = {isa = PBXFileReference; lastKnownFileType = wrapper.framework; name = CoreMedia.framework; path = System/Library/Frameworks/CoreMedia.framework; sourceTree = SDKROOT; };
		7F36C10F13C5C673007FBDD9 /* CoreVideo.framework */ = {isa = PBXFileReference; lastKnownFileType = wrapper.framework; name = CoreVideo.framework; path = System/Library/Frameworks/CoreVideo.framework; sourceTree = SDKROOT; };
		7F36C11013C5C673007FBDD9 /* AVFoundation.framework */ = {isa = PBXFileReference; lastKnownFileType = wrapper.framework; name = AVFoundation.framework; path = System/Library/Frameworks/AVFoundation.framework; sourceTree = SDKROOT; };
		830B5C100E5ED4C100C7819F /* UIKit.framework */ = {isa = PBXFileReference; lastKnownFileType = wrapper.framework; name = UIKit.framework; path = System/Library/Frameworks/UIKit.framework; sourceTree = SDKROOT; };
		8358D1B70ED1CC3700E3A684 /* AudioToolbox.framework */ = {isa = PBXFileReference; lastKnownFileType = wrapper.framework; name = AudioToolbox.framework; path = System/Library/Frameworks/AudioToolbox.framework; sourceTree = SDKROOT; };
		83B256E10E62FEA000468741 /* OpenGLES.framework */ = {isa = PBXFileReference; lastKnownFileType = wrapper.framework; name = OpenGLES.framework; path = System/Library/Frameworks/OpenGLES.framework; sourceTree = SDKROOT; };
		83B2570A0E62FF8A00468741 /* QuartzCore.framework */ = {isa = PBXFileReference; lastKnownFileType = wrapper.framework; name = QuartzCore.framework; path = System/Library/Frameworks/QuartzCore.framework; sourceTree = SDKROOT; };
		83B2574B0E63022200468741 /* OpenAL.framework */ = {isa = PBXFileReference; lastKnownFileType = wrapper.framework; name = OpenAL.framework; path = System/Library/Frameworks/OpenAL.framework; sourceTree = SDKROOT; };
		83B2574E0E63025400468741 /* libiconv.2.dylib */ = {isa = PBXFileReference; lastKnownFileType = "compiled.mach-o.dylib"; name = libiconv.2.dylib; path = usr/lib/libiconv.2.dylib; sourceTree = SDKROOT; };
		83DEA7410EACED0700D8A291 /* Default.png */ = {isa = PBXFileReference; lastKnownFileType = image.png; path = Default.png; sourceTree = "<group>"; };
		83DEA7420EACED0700D8A291 /* Icon.png */ = {isa = PBXFileReference; lastKnownFileType = image.png; path = Icon.png; sourceTree = "<group>"; };
		87B4FFAB77824190BD7057AF /* GADAdSize.h */ = {isa = PBXFileReference; lastKnownFileType = sourcecode.c.h; name = GADAdSize.h; path = ../../Assets/Editor/AdMob/SDK/GADAdSize.h; sourceTree = "<group>"; };
		8A0FED471649699200E9727D /* EAGLContextHelper.h */ = {isa = PBXFileReference; fileEncoding = 4; lastKnownFileType = sourcecode.c.h; path = EAGLContextHelper.h; sourceTree = "<group>"; };
		8A0FED481649699200E9727D /* EAGLContextHelper.mm */ = {isa = PBXFileReference; fileEncoding = 4; lastKnownFileType = sourcecode.cpp.objcpp; path = EAGLContextHelper.mm; sourceTree = "<group>"; };
		8A142DC41636943E00DD87CA /* Keyboard.h */ = {isa = PBXFileReference; fileEncoding = 4; lastKnownFileType = sourcecode.c.h; path = Keyboard.h; sourceTree = "<group>"; };
		8A142DC51636943E00DD87CA /* Keyboard.mm */ = {isa = PBXFileReference; fileEncoding = 4; lastKnownFileType = sourcecode.cpp.objcpp; path = Keyboard.mm; sourceTree = "<group>"; };
		8A1FFFAB16512A9000DD0934 /* GlesHelper.h */ = {isa = PBXFileReference; fileEncoding = 4; lastKnownFileType = sourcecode.c.h; path = GlesHelper.h; sourceTree = "<group>"; };
		8A1FFFAC16512A9000DD0934 /* GlesHelper.mm */ = {isa = PBXFileReference; fileEncoding = 4; lastKnownFileType = sourcecode.cpp.objcpp; path = GlesHelper.mm; sourceTree = "<group>"; };
		8A21AED21622F59300AF8007 /* UnityViewControllerBase.h */ = {isa = PBXFileReference; fileEncoding = 4; lastKnownFileType = sourcecode.c.h; path = UnityViewControllerBase.h; sourceTree = "<group>"; };
		8A21AED31622F59300AF8007 /* UnityViewControllerBase.mm */ = {isa = PBXFileReference; fileEncoding = 4; lastKnownFileType = sourcecode.cpp.objcpp; path = UnityViewControllerBase.mm; sourceTree = "<group>"; };
		8A2EF43C138549090070AA2F /* iPhone_Profiler.cpp */ = {isa = PBXFileReference; fileEncoding = 4; lastKnownFileType = sourcecode.cpp.cpp; path = iPhone_Profiler.cpp; sourceTree = "<group>"; };
		8A2EF43D138549090070AA2F /* iPhone_Profiler.h */ = {isa = PBXFileReference; fileEncoding = 4; lastKnownFileType = sourcecode.c.h; path = iPhone_Profiler.h; sourceTree = "<group>"; };
		8A2EF5B61385C5F20070AA2F /* iPhone_Common.h */ = {isa = PBXFileReference; fileEncoding = 4; lastKnownFileType = sourcecode.c.h; path = iPhone_Common.h; sourceTree = "<group>"; };
		8A3EDDC61615B7C1001839E9 /* SplashScreen.h */ = {isa = PBXFileReference; fileEncoding = 4; lastKnownFileType = sourcecode.c.h; path = SplashScreen.h; sourceTree = "<group>"; };
		8A3EDDC71615B7C1001839E9 /* SplashScreen.mm */ = {isa = PBXFileReference; fileEncoding = 4; lastKnownFileType = sourcecode.cpp.objcpp; path = SplashScreen.mm; sourceTree = "<group>"; };
		8A592F4916176267006B38FC /* VideoViewController.h */ = {isa = PBXFileReference; fileEncoding = 4; lastKnownFileType = sourcecode.c.h; path = VideoViewController.h; sourceTree = "<group>"; };
		8A592F4A16176267006B38FC /* VideoViewController.mm */ = {isa = PBXFileReference; fileEncoding = 4; lastKnownFileType = sourcecode.cpp.objcpp; path = VideoViewController.mm; sourceTree = "<group>"; };
		8A5E0B8F16849D1800CBB6FE /* DisplayManager.h */ = {isa = PBXFileReference; fileEncoding = 4; lastKnownFileType = sourcecode.c.h; path = DisplayManager.h; sourceTree = "<group>"; };
		8A5E0B9016849D1800CBB6FE /* DisplayManager.mm */ = {isa = PBXFileReference; fileEncoding = 4; lastKnownFileType = sourcecode.cpp.objcpp; path = DisplayManager.mm; sourceTree = "<group>"; };
		8A9EB22C156E5A25000DC2B4 /* iPhone_View.h */ = {isa = PBXFileReference; fileEncoding = 4; lastKnownFileType = sourcecode.c.h; path = iPhone_View.h; sourceTree = "<group>"; };
		8A9EB22D156E5A25000DC2B4 /* iPhone_View.mm */ = {isa = PBXFileReference; fileEncoding = 4; lastKnownFileType = sourcecode.cpp.objcpp; path = iPhone_View.mm; sourceTree = "<group>"; };
		8A9FCB111617295F00C05364 /* ActivityIndicator.h */ = {isa = PBXFileReference; fileEncoding = 4; lastKnownFileType = sourcecode.c.h; path = ActivityIndicator.h; sourceTree = "<group>"; };
		8A9FCB121617295F00C05364 /* ActivityIndicator.mm */ = {isa = PBXFileReference; fileEncoding = 4; lastKnownFileType = sourcecode.cpp.objcpp; path = ActivityIndicator.mm; sourceTree = "<group>"; };
		8AFA69D7161605E7009663A5 /* iPhone_OrientationSupport.h */ = {isa = PBXFileReference; fileEncoding = 4; lastKnownFileType = sourcecode.c.h; path = iPhone_OrientationSupport.h; sourceTree = "<group>"; };
		8AFA69D8161605E7009663A5 /* iPhone_OrientationSupport.mm */ = {isa = PBXFileReference; fileEncoding = 4; lastKnownFileType = sourcecode.cpp.objcpp; path = iPhone_OrientationSupport.mm; sourceTree = "<group>"; };
		8D1107310486CEB800E47090 /* Info.plist */ = {isa = PBXFileReference; fileEncoding = 4; lastKnownFileType = text.plist.xml; path = Info.plist; sourceTree = "<group>"; };
		959BFAF3529F432C97C7C7D6 /* GADAdNetworkExtras.h */ = {isa = PBXFileReference; lastKnownFileType = sourcecode.c.h; name = GADAdNetworkExtras.h; path = ../../Assets/Editor/AdMob/SDK/GADAdNetworkExtras.h; sourceTree = "<group>"; };
		96BAE4811767AA8A00AA9E90 /* TapjoyConnect.h */ = {isa = PBXFileReference; fileEncoding = 4; lastKnownFileType = sourcecode.c.h; path = TapjoyConnect.h; sourceTree = "<group>"; };
		96BAE4821767AA8A00AA9E90 /* TapjoyConnectConstants.h */ = {isa = PBXFileReference; fileEncoding = 4; lastKnownFileType = sourcecode.c.h; path = TapjoyConnectConstants.h; sourceTree = "<group>"; };
		96BAE4831767AA8B00AA9E90 /* TapjoyConnectPlugin.h */ = {isa = PBXFileReference; fileEncoding = 4; lastKnownFileType = sourcecode.c.h; path = TapjoyConnectPlugin.h; sourceTree = "<group>"; };
		96BAE4841767AA8B00AA9E90 /* TapjoyConnectPlugin.mm */ = {isa = PBXFileReference; fileEncoding = 4; lastKnownFileType = sourcecode.cpp.objcpp; path = TapjoyConnectPlugin.mm; sourceTree = "<group>"; };
		96BAE4851767AA8B00AA9E90 /* TapjoyPublisherLibrary.a */ = {isa = PBXFileReference; lastKnownFileType = archive.ar; path = TapjoyPublisherLibrary.a; sourceTree = "<group>"; };
		96BAE4881767AA9400AA9E90 /* CoreTelephony.framework */ = {isa = PBXFileReference; lastKnownFileType = wrapper.framework; name = CoreTelephony.framework; path = System/Library/Frameworks/CoreTelephony.framework; sourceTree = SDKROOT; };
		9EB79E7042504F95825FD58D /* GADAdMobExtras.h */ = {isa = PBXFileReference; lastKnownFileType = sourcecode.c.h; name = GADAdMobExtras.h; path = ../../Assets/Editor/AdMob/SDK/GADAdMobExtras.h; sourceTree = "<group>"; };
		A699DD3E26AD462C9B209B97 /* StoreKit.framework */ = {isa = PBXFileReference; lastKnownFileType = wrapper.framework; name = StoreKit.framework; path = System/Library/Frameworks/StoreKit.framework; sourceTree = SDKROOT; };
		AD657934BD56455294B89136 /* JSONKit.h */ = {isa = PBXFileReference; lastKnownFileType = sourcecode.c.h; name = JSONKit.h; path = ../../Assets/Editor/ChartBoost/JSONKit.h; sourceTree = "<group>"; };
		BDD6759D17C94125B152C63F /* ChartBoostManager.mm */ = {isa = PBXFileReference; lastKnownFileType = sourcecode.cpp.objcpp; name = ChartBoostManager.mm; path = ../../Assets/Editor/ChartBoost/ChartBoostManager.mm; sourceTree = "<group>"; };
		C995CCCE67BA4220BAA880EC /* MessageUI.framework */ = {isa = PBXFileReference; lastKnownFileType = wrapper.framework; name = MessageUI.framework; path = System/Library/Frameworks/MessageUI.framework; sourceTree = SDKROOT; };
		D82DCFB60E8000A5005D6AD8 /* AppController.h */ = {isa = PBXFileReference; fileEncoding = 4; lastKnownFileType = sourcecode.c.h; name = AppController.h; path = Classes/AppController.h; sourceTree = SOURCE_ROOT; };
		D82DCFB70E8000A5005D6AD8 /* AppController.mm */ = {isa = PBXFileReference; fileEncoding = 4; lastKnownFileType = sourcecode.cpp.objcpp; name = AppController.mm; path = Classes/AppController.mm; sourceTree = SOURCE_ROOT; };
		D82DCFBA0E8000A5005D6AD8 /* iPhone_target_Prefix.pch */ = {isa = PBXFileReference; fileEncoding = 4; lastKnownFileType = sourcecode.c.h; name = iPhone_target_Prefix.pch; path = Classes/iPhone_target_Prefix.pch; sourceTree = SOURCE_ROOT; };
		D82DCFBB0E8000A5005D6AD8 /* main.mm */ = {isa = PBXFileReference; fileEncoding = 4; lastKnownFileType = sourcecode.cpp.objcpp; name = main.mm; path = Classes/main.mm; sourceTree = SOURCE_ROOT; };
		D82DCFBD0E8000A5005D6AD8 /* RegisterClasses.cpp */ = {isa = PBXFileReference; fileEncoding = 4; lastKnownFileType = sourcecode.cpp.cpp; name = RegisterClasses.cpp; path = Classes/RegisterClasses.cpp; sourceTree = SOURCE_ROOT; };
		D82DCFBE0E8000A5005D6AD8 /* RegisterClasses.h */ = {isa = PBXFileReference; fileEncoding = 4; lastKnownFileType = sourcecode.c.h; name = RegisterClasses.h; path = Classes/RegisterClasses.h; sourceTree = SOURCE_ROOT; };
		D8A1C7000E80637F100160D4 /* Assembly-CSharp-firstpass.dll.s */ = {isa = PBXFileReference; fileEncoding = 4; lastKnownFileType = sourcecode.asm; name = "Assembly-CSharp-firstpass.dll.s"; path = "Libraries/Assembly-CSharp-firstpass.dll.s"; sourceTree = SOURCE_ROOT; };
		D8A1C7001E80637F100160D4 /* Assembly-CSharp.dll.s */ = {isa = PBXFileReference; fileEncoding = 4; lastKnownFileType = sourcecode.asm; name = "Assembly-CSharp.dll.s"; path = "Libraries/Assembly-CSharp.dll.s"; sourceTree = SOURCE_ROOT; };
		D8A1C7002E80637F100160D4 /* LitJSON.dll.s */ = {isa = PBXFileReference; fileEncoding = 4; lastKnownFileType = sourcecode.asm; name = LitJSON.dll.s; path = Libraries/LitJSON.dll.s; sourceTree = SOURCE_ROOT; };
		D8A1C7003E80637F100160D4 /* Mono.Security.dll.s */ = {isa = PBXFileReference; fileEncoding = 4; lastKnownFileType = sourcecode.asm; name = Mono.Security.dll.s; path = Libraries/Mono.Security.dll.s; sourceTree = SOURCE_ROOT; };
		D8A1C7004E80637F100160D4 /* P31RestKit.dll.s */ = {isa = PBXFileReference; fileEncoding = 4; lastKnownFileType = sourcecode.asm; name = P31RestKit.dll.s; path = Libraries/P31RestKit.dll.s; sourceTree = SOURCE_ROOT; };
		D8A1C7005E80637F100160D4 /* System.Core.dll.s */ = {isa = PBXFileReference; fileEncoding = 4; lastKnownFileType = sourcecode.asm; name = System.Core.dll.s; path = Libraries/System.Core.dll.s; sourceTree = SOURCE_ROOT; };
		D8A1C7006E80637F100160D4 /* System.Xml.dll.s */ = {isa = PBXFileReference; fileEncoding = 4; lastKnownFileType = sourcecode.asm; name = System.Xml.dll.s; path = Libraries/System.Xml.dll.s; sourceTree = SOURCE_ROOT; };
		D8A1C7007E80637F100160D4 /* System.dll.s */ = {isa = PBXFileReference; fileEncoding = 4; lastKnownFileType = sourcecode.asm; name = System.dll.s; path = Libraries/System.dll.s; sourceTree = SOURCE_ROOT; };
		D8A1C7008E80637F100160D4 /* UnityEngine.dll.s */ = {isa = PBXFileReference; fileEncoding = 4; lastKnownFileType = sourcecode.asm; name = UnityEngine.dll.s; path = Libraries/UnityEngine.dll.s; sourceTree = SOURCE_ROOT; };
		D8A1C7009E80637F100160D4 /* mscorlib.dll.s */ = {isa = PBXFileReference; fileEncoding = 4; lastKnownFileType = sourcecode.asm; name = mscorlib.dll.s; path = Libraries/mscorlib.dll.s; sourceTree = SOURCE_ROOT; };
		D8A1C700aE80637F100160D4 /* PHUnityIntegration.mm */ = {isa = PBXFileReference; fileEncoding = 4; lastKnownFileType = sourcecode.cpp.objcpp; name = PHUnityIntegration.mm; path = Libraries/PHUnityIntegration.mm; sourceTree = SOURCE_ROOT; };
		D8A1C700bE80637F100160D4 /* RevMobAds.a */ = {isa = PBXFileReference; lastKnownFileType = archive.ar; name = RevMobAds.a; path = Libraries/RevMobAds.a; sourceTree = SOURCE_ROOT; };
		D8A1C700cE80637F100160D4 /* RevMobUnityiOSBinding.m */ = {isa = PBXFileReference; fileEncoding = 4; lastKnownFileType = sourcecode.c.objc; name = RevMobUnityiOSBinding.m; path = Libraries/RevMobUnityiOSBinding.m; sourceTree = SOURCE_ROOT; };
		D8A1C700dE80637F100160D4 /* libPlayHaven.a */ = {isa = PBXFileReference; lastKnownFileType = archive.ar; name = libPlayHaven.a; path = Libraries/libPlayHaven.a; sourceTree = SOURCE_ROOT; };
		D8A1C700eE80637F100160D4 /* Icon@2x.png */ = {isa = PBXFileReference; fileEncoding = 4; lastKnownFileType = image.png; path = "Icon@2x.png"; sourceTree = SOURCE_ROOT; };
		D8A1C700fE80637F100160D4 /* Default@2x.png */ = {isa = PBXFileReference; fileEncoding = 4; lastKnownFileType = image.png; path = "Default@2x.png"; sourceTree = SOURCE_ROOT; };
		D8A1C7010E80637F100160D4 /* Default-568h@2x.png */ = {isa = PBXFileReference; fileEncoding = 4; lastKnownFileType = image.png; path = "Default-568h@2x.png"; sourceTree = SOURCE_ROOT; };
		D8A1C7011E80637F100160D4 /* Default-Landscape.png */ = {isa = PBXFileReference; fileEncoding = 4; lastKnownFileType = image.png; path = "Default-Landscape.png"; sourceTree = SOURCE_ROOT; };
		D8A1C7012E80637F100160D4 /* Default-Portrait.png */ = {isa = PBXFileReference; fileEncoding = 4; lastKnownFileType = image.png; path = "Default-Portrait.png"; sourceTree = SOURCE_ROOT; };
		D8A1C7013E80637F100160D4 /* Default-Landscape@2x.png */ = {isa = PBXFileReference; fileEncoding = 4; lastKnownFileType = image.png; path = "Default-Landscape@2x.png"; sourceTree = SOURCE_ROOT; };
		D8A1C7014E80637F100160D4 /* Default-Portrait@2x.png */ = {isa = PBXFileReference; fileEncoding = 4; lastKnownFileType = image.png; path = "Default-Portrait@2x.png"; sourceTree = SOURCE_ROOT; };
		D8A1C7015E80637F100160D4 /* Icon-72.png */ = {isa = PBXFileReference; fileEncoding = 4; lastKnownFileType = image.png; path = "Icon-72.png"; sourceTree = SOURCE_ROOT; };
		D8A1C7016E80637F100160D4 /* Icon-144.png */ = {isa = PBXFileReference; fileEncoding = 4; lastKnownFileType = image.png; path = "Icon-144.png"; sourceTree = SOURCE_ROOT; };
		D8A1C7240E80637F000160D3 /* RegisterMonoModules.cpp */ = {isa = PBXFileReference; fileEncoding = 4; lastKnownFileType = sourcecode.cpp.cpp; name = RegisterMonoModules.cpp; path = Libraries/RegisterMonoModules.cpp; sourceTree = SOURCE_ROOT; };
		D8A1C7250E80637F000160D3 /* RegisterMonoModules.h */ = {isa = PBXFileReference; fileEncoding = 4; lastKnownFileType = sourcecode.c.h; name = RegisterMonoModules.h; path = Libraries/RegisterMonoModules.h; sourceTree = SOURCE_ROOT; };
		D8A1C72A0E8063A1000160D3 /* libiPhone-lib.a */ = {isa = PBXFileReference; lastKnownFileType = archive.ar; name = "libiPhone-lib.a"; path = "Libraries/libiPhone-lib.a"; sourceTree = SOURCE_ROOT; };
		D8EAF242F59840FBA4A92484 /* AdManager.h */ = {isa = PBXFileReference; lastKnownFileType = sourcecode.c.h; name = AdManager.h; path = ../../Assets/Editor/iAd/AdManager.h; sourceTree = "<group>"; };
		E1BB5713FBA54B7FB6D470D1 /* AdMobBinding.m */ = {isa = PBXFileReference; lastKnownFileType = sourcecode.c.objc; name = AdMobBinding.m; path = ../../Assets/Editor/AdMob/AdMobBinding.m; sourceTree = "<group>"; };
		E8B19CD1C4C142BE8740821B /* ChartBoostBinding.m */ = {isa = PBXFileReference; lastKnownFileType = sourcecode.c.objc; name = ChartBoostBinding.m; path = ../../Assets/Editor/ChartBoost/ChartBoostBinding.m; sourceTree = "<group>"; };
		EF676B82F95F42F1AAC954CE /* ChartBoostManager.h */ = {isa = PBXFileReference; lastKnownFileType = sourcecode.c.h; name = ChartBoostManager.h; path = ../../Assets/Editor/ChartBoost/ChartBoostManager.h; sourceTree = "<group>"; };
		F13958E4A56943A5ADBDC78E /* AdSupport.framework */ = {isa = PBXFileReference; lastKnownFileType = wrapper.framework; name = AdSupport.framework; path = System/Library/Frameworks/AdSupport.framework; sourceTree = SDKROOT; };
		F49D964811904A7B81ABEE66 /* AdMobManager.h */ = {isa = PBXFileReference; lastKnownFileType = sourcecode.c.h; name = AdMobManager.h; path = ../../Assets/Editor/AdMob/AdMobManager.h; sourceTree = "<group>"; };
		F724FBF842664F70B7D3E551 /* libAdapterIAd.a */ = {isa = PBXFileReference; lastKnownFileType = archive.ar; name = libAdapterIAd.a; path = ../../Assets/Editor/AdMob/SDK/libAdapterIAd.a; sourceTree = "<group>"; };
		FD621782AB754CB784F9DCD2 /* CoreData.framework */ = {isa = PBXFileReference; lastKnownFileType = wrapper.framework; name = CoreData.framework; path = System/Library/Frameworks/CoreData.framework; sourceTree = SDKROOT; };
		FE2F0C65A46F49A89198CA3C /* JSONKit.m */ = {isa = PBXFileReference; lastKnownFileType = sourcecode.c.objc; name = JSONKit.m; path = ../../Assets/Editor/ChartBoost/JSONKit.m; sourceTree = "<group>"; };
/* End PBXFileReference section */

/* Begin PBXFrameworksBuildPhase section */
		1D60588F0D05DD3D006BFB54 /* Frameworks */ = {
			isa = PBXFrameworksBuildPhase;
			buildActionMask = 2147483647;
			files = (
				96BAE4891767AA9400AA9E90 /* CoreTelephony.framework in Frameworks */,
				1D60589F0D05DD5A006BFB54 /* Foundation.framework in Frameworks */,
				830B5C110E5ED4C100C7819F /* UIKit.framework in Frameworks */,
				83B256E20E62FEA000468741 /* OpenGLES.framework in Frameworks */,
				83B2570B0E62FF8A00468741 /* QuartzCore.framework in Frameworks */,
				83B2574C0E63022200468741 /* OpenAL.framework in Frameworks */,
				83B2574F0E63025400468741 /* libiconv.2.dylib in Frameworks */,
				D8A1C700bE80637F200160D4 /* RevMobAds.a in Frameworks */,
				D8A1C700dE80637F200160D4 /* libPlayHaven.a in Frameworks */,
				D8A1C72B0E8063A1000160D3 /* libiPhone-lib.a in Frameworks */,
				8358D1B80ED1CC3700E3A684 /* AudioToolbox.framework in Frameworks */,
				56FD43960ED4745200FE3770 /* CFNetwork.framework in Frameworks */,
				5682F4B20F3B34FF007A219C /* MediaPlayer.framework in Frameworks */,
				5692F3DD0FA9D8E500EBA2F1 /* CoreLocation.framework in Frameworks */,
				56BCBA390FCF049A0030C3B2 /* SystemConfiguration.framework in Frameworks */,
				08B24F76137BFDFA00FBA309 /* iAd.framework in Frameworks */,
				7F36C11113C5C673007FBDD9 /* CoreMedia.framework in Frameworks */,
				7F36C11213C5C673007FBDD9 /* CoreVideo.framework in Frameworks */,
				7F36C11313C5C673007FBDD9 /* AVFoundation.framework in Frameworks */,
				56B7959B1442E0F20026B3DD /* CoreGraphics.framework in Frameworks */,
				56B7960F1442E1770026B3DD /* CoreMotion.framework in Frameworks */,
				56B7961A1442E1B80026B3DD /* GameKit.framework in Frameworks */,
				E3C07CC4AD6C47AE9DEF2E06 /* StoreKit.framework in Frameworks */,
				18C05964FA9E4F1C9008C440 /* CoreData.framework in Frameworks */,
				5EFF842DCDD043278A419F43 /* AdSupport.framework in Frameworks */,
				3EAC939E19524A6A897D5AAF /* MessageUI.framework in Frameworks */,
				DD4E3E1221CF478087511ABA /* libAdapterIAd.a in Frameworks */,
				32674267AF7943A1A1DA4247 /* libGoogleAdMobAds.a in Frameworks */,
				63C56852A96D4C438000C9FD /* libChartboost.a in Frameworks */,
				96BAE4871767AA8B00AA9E90 /* TapjoyPublisherLibrary.a in Frameworks */,
			);
			runOnlyForDeploymentPostprocessing = 0;
		};
/* End PBXFrameworksBuildPhase section */

/* Begin PBXGroup section */
		19C28FACFE9D520D11CA2CBB /* Products */ = {
			isa = PBXGroup;
			children = (
				1D6058910D05DD3D006BFB54 /* ssadmanagerios.app */,
			);
			name = Products;
			sourceTree = "<group>";
		};
		29B97314FDCFA39411CA2CEA /* CustomTemplate */ = {
			isa = PBXGroup;
			children = (
				96BAE4881767AA9400AA9E90 /* CoreTelephony.framework */,
				96BAE4801767AA8A00AA9E90 /* Tapjoy */,
				33A5BC0B75E940DD87992B91 /* iAd */,
				A0C25BA197184FFCAA5DD9E7 /* ChartBoost */,
				7BB6644D7F0F47B894A437E4 /* AdMob */,
				56BCBA380FCF049A0030C3B2 /* SystemConfiguration.framework */,
				5692F3DC0FA9D8E500EBA2F1 /* CoreLocation.framework */,
				5682F4B10F3B34FF007A219C /* MediaPlayer.framework */,
				83DEA7410EACED0700D8A291 /* Default.png */,
				83DEA7420EACED0700D8A291 /* Icon.png */,
				D82DCFB50E8000A5005D6AD8 /* Classes */,
				D8A1C7220E80637F000160D3 /* Libraries */,
				8D1107310486CEB800E47090 /* Info.plist */,
				29B97323FDCFA39411CA2CEA /* Frameworks */,
				19C28FACFE9D520D11CA2CBB /* Products */,
				830B5C100E5ED4C100C7819F /* UIKit.framework */,
				83B256E10E62FEA000468741 /* OpenGLES.framework */,
				83B2570A0E62FF8A00468741 /* QuartzCore.framework */,
				83B2574B0E63022200468741 /* OpenAL.framework */,
				83B2574E0E63025400468741 /* libiconv.2.dylib */,
				56FD43950ED4745200FE3770 /* CFNetwork.framework */,
				8358D1B70ED1CC3700E3A684 /* AudioToolbox.framework */,
				08B24F75137BFDFA00FBA309 /* iAd.framework */,
				7F36C10E13C5C673007FBDD9 /* CoreMedia.framework */,
				7F36C10F13C5C673007FBDD9 /* CoreVideo.framework */,
				7F36C11013C5C673007FBDD9 /* AVFoundation.framework */,
				56B7959A1442E0F20026B3DD /* CoreGraphics.framework */,
				56B795C11442E1100026B3DD /* CoreMotion.framework */,
				56B796191442E1B80026B3DD /* GameKit.framework */,
			);
			name = CustomTemplate;
			sourceTree = "<group>";
		};
		29B97323FDCFA39411CA2CEA /* Frameworks */ = {
			isa = PBXGroup;
			children = (
				56BA81A6532B44DFB5E163EA /* libChartboost.a */,
				52FB640E3211434E8A2660DD /* libGoogleAdMobAds.a */,
				F724FBF842664F70B7D3E551 /* libAdapterIAd.a */,
				C995CCCE67BA4220BAA880EC /* MessageUI.framework */,
				F13958E4A56943A5ADBDC78E /* AdSupport.framework */,
				FD621782AB754CB784F9DCD2 /* CoreData.framework */,
				A699DD3E26AD462C9B209B97 /* StoreKit.framework */,
				1D30AB110D05D00D00671497 /* Foundation.framework */,
			);
			name = Frameworks;
			sourceTree = "<group>";
		};
		33A5BC0B75E940DD87992B91 /* iAd */ = {
			isa = PBXGroup;
			children = (
				256CA55DC46F44929734BC4F /* AdManager.mm */,
				D8EAF242F59840FBA4A92484 /* AdManager.h */,
				507AD479B62948BD8DB71395 /* AdBinding.m */,
			);
			name = iAd;
			sourceTree = "<group>";
		};
		7BB6644D7F0F47B894A437E4 /* AdMob */ = {
			isa = PBXGroup;
			children = (
				4EC49715F9ED454ABC44F5CA /* GADRequestError.h */,
				0F6C0F6F0FBB4249B39D0D4A /* GADRequest.h */,
				14E58500E11A48E2A23E8102 /* GADInterstitialDelegate.h */,
				0A0604B2D76B447294E498AB /* GADInterstitial.h */,
				09C2938BC95E4E5C8A8608F9 /* GADBannerViewDelegate.h */,
				1D9E179A4BCE42B79BA46997 /* GADBannerView.h */,
				87B4FFAB77824190BD7057AF /* GADAdSize.h */,
				959BFAF3529F432C97C7C7D6 /* GADAdNetworkExtras.h */,
				9EB79E7042504F95825FD58D /* GADAdMobExtras.h */,
				624F0116A10C4BA48F8FB66F /* AdMobManager.mm */,
				F49D964811904A7B81ABEE66 /* AdMobManager.h */,
				E1BB5713FBA54B7FB6D470D1 /* AdMobBinding.m */,
			);
			name = AdMob;
			sourceTree = "<group>";
		};
		8A3EDDC51615B7C1001839E9 /* UI */ = {
			isa = PBXGroup;
			children = (
				8A9FCB111617295F00C05364 /* ActivityIndicator.h */,
				8A9FCB121617295F00C05364 /* ActivityIndicator.mm */,
				8A142DC41636943E00DD87CA /* Keyboard.h */,
				8A142DC51636943E00DD87CA /* Keyboard.mm */,
				8A3EDDC61615B7C1001839E9 /* SplashScreen.h */,
				8A3EDDC71615B7C1001839E9 /* SplashScreen.mm */,
				8A21AED21622F59300AF8007 /* UnityViewControllerBase.h */,
				8A21AED31622F59300AF8007 /* UnityViewControllerBase.mm */,
				8A592F4916176267006B38FC /* VideoViewController.h */,
				8A592F4A16176267006B38FC /* VideoViewController.mm */,
			);
			path = UI;
			sourceTree = "<group>";
		};
		8AF18FE316490981007B4420 /* Unity */ = {
			isa = PBXGroup;
			children = (
				8A5E0B8F16849D1800CBB6FE /* DisplayManager.h */,
				8A5E0B9016849D1800CBB6FE /* DisplayManager.mm */,
				8A0FED471649699200E9727D /* EAGLContextHelper.h */,
				8A0FED481649699200E9727D /* EAGLContextHelper.mm */,
				8A1FFFAB16512A9000DD0934 /* GlesHelper.h */,
				8A1FFFAC16512A9000DD0934 /* GlesHelper.mm */,
			);
			path = Unity;
			sourceTree = "<group>";
		};
		96BAE4801767AA8A00AA9E90 /* Tapjoy */ = {
			isa = PBXGroup;
			children = (
				96BAE4811767AA8A00AA9E90 /* TapjoyConnect.h */,
				96BAE4821767AA8A00AA9E90 /* TapjoyConnectConstants.h */,
				96BAE4831767AA8B00AA9E90 /* TapjoyConnectPlugin.h */,
				96BAE4841767AA8B00AA9E90 /* TapjoyConnectPlugin.mm */,
				96BAE4851767AA8B00AA9E90 /* TapjoyPublisherLibrary.a */,
			);
			path = Tapjoy;
			sourceTree = "<group>";
		};
		A0C25BA197184FFCAA5DD9E7 /* ChartBoost */ = {
			isa = PBXGroup;
			children = (
				FE2F0C65A46F49A89198CA3C /* JSONKit.m */,
				AD657934BD56455294B89136 /* JSONKit.h */,
				BDD6759D17C94125B152C63F /* ChartBoostManager.mm */,
				EF676B82F95F42F1AAC954CE /* ChartBoostManager.h */,
				E8B19CD1C4C142BE8740821B /* ChartBoostBinding.m */,
				12247B92C6924FA3AA970D55 /* Chartboost.h */,
				68B2C524ED6845F091E2982C /* CBAnalytics.h */,
			);
			name = ChartBoost;
			sourceTree = "<group>";
		};
		D82DCFB50E8000A5005D6AD8 /* Classes */ = {
			isa = PBXGroup;
			children = (
				8AF18FE316490981007B4420 /* Unity */,
				8A3EDDC51615B7C1001839E9 /* UI */,
				8AFA69D7161605E7009663A5 /* iPhone_OrientationSupport.h */,
				8AFA69D8161605E7009663A5 /* iPhone_OrientationSupport.mm */,
				56DBF99E15E3CE85007A4A8D /* iPhone_Sensors.h */,
				56DBF99C15E3CDC9007A4A8D /* iPhone_Sensors.mm */,
				8A9EB22C156E5A25000DC2B4 /* iPhone_View.h */,
				8A9EB22D156E5A25000DC2B4 /* iPhone_View.mm */,
				8A2EF5B61385C5F20070AA2F /* iPhone_Common.h */,
				8A2EF43C138549090070AA2F /* iPhone_Profiler.cpp */,
				8A2EF43D138549090070AA2F /* iPhone_Profiler.h */,
				D82DCFB60E8000A5005D6AD8 /* AppController.h */,
				D82DCFB70E8000A5005D6AD8 /* AppController.mm */,
				D82DCFBA0E8000A5005D6AD8 /* iPhone_target_Prefix.pch */,
				D82DCFBB0E8000A5005D6AD8 /* main.mm */,
				D82DCFBD0E8000A5005D6AD8 /* RegisterClasses.cpp */,
				D82DCFBE0E8000A5005D6AD8 /* RegisterClasses.h */,
			);
			path = Classes;
			sourceTree = SOURCE_ROOT;
		};
		D8A1C7220E80637F000160D3 /* Libraries */ = {
			isa = PBXGroup;
			children = (
				D8A1C700bE80637F100160D4 /* RevMobAds.a */,
				D8A1C700dE80637F100160D4 /* libPlayHaven.a */,
				D8A1C72A0E8063A1000160D3 /* libiPhone-lib.a */,
				D8A1C7000E80637F100160D4 /* Assembly-CSharp-firstpass.dll.s */,
				D8A1C7001E80637F100160D4 /* Assembly-CSharp.dll.s */,
				D8A1C7002E80637F100160D4 /* LitJSON.dll.s */,
				D8A1C7003E80637F100160D4 /* Mono.Security.dll.s */,
				D8A1C7004E80637F100160D4 /* P31RestKit.dll.s */,
				D8A1C7005E80637F100160D4 /* System.Core.dll.s */,
				D8A1C7006E80637F100160D4 /* System.Xml.dll.s */,
				D8A1C7007E80637F100160D4 /* System.dll.s */,
				D8A1C7008E80637F100160D4 /* UnityEngine.dll.s */,
				D8A1C7009E80637F100160D4 /* mscorlib.dll.s */,
				D8A1C700aE80637F100160D4 /* PHUnityIntegration.mm */,
				D8A1C700cE80637F100160D4 /* RevMobUnityiOSBinding.m */,
				D8A1C700eE80637F100160D4 /* Icon@2x.png */,
				D8A1C700fE80637F100160D4 /* Default@2x.png */,
				D8A1C7010E80637F100160D4 /* Default-568h@2x.png */,
				D8A1C7011E80637F100160D4 /* Default-Landscape.png */,
				D8A1C7012E80637F100160D4 /* Default-Portrait.png */,
				D8A1C7013E80637F100160D4 /* Default-Landscape@2x.png */,
				D8A1C7014E80637F100160D4 /* Default-Portrait@2x.png */,
				D8A1C7015E80637F100160D4 /* Icon-72.png */,
				D8A1C7016E80637F100160D4 /* Icon-144.png */,
				D8A1C7240E80637F000160D3 /* RegisterMonoModules.cpp */,
				D8A1C7250E80637F000160D3 /* RegisterMonoModules.h */,
			);
			path = Libraries;
			sourceTree = SOURCE_ROOT;
		};
/* End PBXGroup section */

/* Begin PBXNativeTarget section */
		1D6058900D05DD3D006BFB54 /* Unity-iPhone */ = {
			isa = PBXNativeTarget;
			buildConfigurationList = 1D6058960D05DD3E006BFB54 /* Build configuration list for PBXNativeTarget "Unity-iPhone" */;
			buildPhases = (
				1D60588D0D05DD3D006BFB54 /* Resources */,
				83D0C1FB0E6C8D5900EBCE5D /* ShellScript */,
				83D0C1FD0E6C8D7700EBCE5D /* CopyFiles */,
				1D60588E0D05DD3D006BFB54 /* Sources */,
				1D60588F0D05DD3D006BFB54 /* Frameworks */,
			);
			buildRules = (
			);
			dependencies = (
			);
			name = "Unity-iPhone";
			productName = "iPhone-target";
			productReference = 1D6058910D05DD3D006BFB54 /* ssadmanagerios.app */;
			productType = "com.apple.product-type.application";
		};
/* End PBXNativeTarget section */

/* Begin PBXProject section */
		29B97313FDCFA39411CA2CEA /* Project object */ = {
			isa = PBXProject;
			buildConfigurationList = C01FCF4E08A954540054247B /* Build configuration list for PBXProject "Unity-iPhone" */;
			compatibilityVersion = "Xcode 3.2";
			developmentRegion = English;
			hasScannedForEncodings = 1;
			knownRegions = (
				English,
				Japanese,
				French,
				German,
			);
			mainGroup = 29B97314FDCFA39411CA2CEA /* CustomTemplate */;
			projectDirPath = "";
			projectRoot = "";
			targets = (
				1D6058900D05DD3D006BFB54 /* Unity-iPhone */,
			);
		};
/* End PBXProject section */

/* Begin PBXResourcesBuildPhase section */
		1D60588D0D05DD3D006BFB54 /* Resources */ = {
			isa = PBXResourcesBuildPhase;
			buildActionMask = 2147483647;
			files = (
				83DEA7430EACED0700D8A291 /* Default.png in Resources */,
				83DEA7440EACED0700D8A291 /* Icon.png in Resources */,
			);
			runOnlyForDeploymentPostprocessing = 0;
		};
/* End PBXResourcesBuildPhase section */

/* Begin PBXShellScriptBuildPhase section */
		83D0C1FB0E6C8D5900EBCE5D /* ShellScript */ = {
			isa = PBXShellScriptBuildPhase;
			buildActionMask = 2147483647;
			files = (
			);
			inputPaths = (
			);
			outputPaths = (
			);
			runOnlyForDeploymentPostprocessing = 0;
			shellPath = /bin/sh;
			shellScript = "rm -rf \"$TARGET_BUILD_DIR/$PRODUCT_NAME.app/Data\"\ncp -Rf \"$PROJECT_DIR/Data\" \"$TARGET_BUILD_DIR/$PRODUCT_NAME.app/Data\"\nif [ \"$PLATFORM_NAME\" == \"iphonesimulator\" ]\nthen cp -f \"$PROJECT_DIR\"/*.png \"$TARGET_BUILD_DIR/$PRODUCT_NAME.app/\"\n                          fi";
		};
/* End PBXShellScriptBuildPhase section */

/* Begin PBXSourcesBuildPhase section */
		1D60588E0D05DD3D006BFB54 /* Sources */ = {
			isa = PBXSourcesBuildPhase;
			buildActionMask = 2147483647;
			files = (
				D82DCFC10E8000A5005D6AD8 /* AppController.mm in Sources */,
				D82DCFC30E8000A5005D6AD8 /* main.mm in Sources */,
				D82DCFC50E8000A5005D6AD8 /* RegisterClasses.cpp in Sources */,
				D8A1C7000E80637F000160D4 /* Assembly-CSharp-firstpass.dll.s in Sources */,
				D8A1C7001E80637F000160D4 /* Assembly-CSharp.dll.s in Sources */,
				D8A1C7002E80637F000160D4 /* LitJSON.dll.s in Sources */,
				D8A1C7003E80637F000160D4 /* Mono.Security.dll.s in Sources */,
				D8A1C7004E80637F000160D4 /* P31RestKit.dll.s in Sources */,
				D8A1C7005E80637F000160D4 /* System.Core.dll.s in Sources */,
				D8A1C7006E80637F000160D4 /* System.Xml.dll.s in Sources */,
				D8A1C7007E80637F000160D4 /* System.dll.s in Sources */,
				D8A1C7008E80637F000160D4 /* UnityEngine.dll.s in Sources */,
				D8A1C7009E80637F000160D4 /* mscorlib.dll.s in Sources */,
				D8A1C700aE80637F000160D4 /* PHUnityIntegration.mm in Sources */,
				D8A1C700cE80637F000160D4 /* RevMobUnityiOSBinding.m in Sources */,
				D8A1C700eE80637F000160D4 /* Icon@2x.png in Sources */,
				D8A1C700fE80637F000160D4 /* Default@2x.png in Sources */,
				D8A1C7010E80637F000160D4 /* Default-568h@2x.png in Sources */,
				D8A1C7011E80637F000160D4 /* Default-Landscape.png in Sources */,
				D8A1C7012E80637F000160D4 /* Default-Portrait.png in Sources */,
				D8A1C7013E80637F000160D4 /* Default-Landscape@2x.png in Sources */,
				D8A1C7014E80637F000160D4 /* Default-Portrait@2x.png in Sources */,
				D8A1C7015E80637F000160D4 /* Icon-72.png in Sources */,
				D8A1C7016E80637F000160D4 /* Icon-144.png in Sources */,
				D8A1C7280E80637F000160D3 /* RegisterMonoModules.cpp in Sources */,
				8A2EF43E138549090070AA2F /* iPhone_Profiler.cpp in Sources */,
				8A9EB22E156E5A25000DC2B4 /* iPhone_View.mm in Sources */,
				56DBF99D15E3CDC9007A4A8D /* iPhone_Sensors.mm in Sources */,
				8A3EDDC81615B7C1001839E9 /* SplashScreen.mm in Sources */,
				8AFA69D9161605E7009663A5 /* iPhone_OrientationSupport.mm in Sources */,
				8A9FCB131617295F00C05364 /* ActivityIndicator.mm in Sources */,
				8A592F4B16176267006B38FC /* VideoViewController.mm in Sources */,
				8A21AED41622F59300AF8007 /* UnityViewControllerBase.mm in Sources */,
				8A142DC61636943E00DD87CA /* Keyboard.mm in Sources */,
				8A0FED491649699200E9727D /* EAGLContextHelper.mm in Sources */,
				8A1FFFAD16512A9000DD0934 /* GlesHelper.mm in Sources */,
				8A5E0B9116849D1800CBB6FE /* DisplayManager.mm in Sources */,
				20A4D75BBEC245E7BDCC5FAA /* AdMobBinding.m in Sources */,
				E3B3381796644E8384E197F1 /* AdMobManager.mm in Sources */,
				6FA4716A92D54D7986A9B982 /* ChartBoostBinding.m in Sources */,
				8C8E61443B55458C93E8E8A6 /* ChartBoostManager.mm in Sources */,
				AB83B29A588D404AA52CA282 /* JSONKit.m in Sources */,
				9D91034551F14D62850DD4B7 /* AdBinding.m in Sources */,
				299410B8F6594FA49B510061 /* AdManager.mm in Sources */,
				96BAE4861767AA8B00AA9E90 /* TapjoyConnectPlugin.mm in Sources */,
			);
			runOnlyForDeploymentPostprocessing = 0;
		};
/* End PBXSourcesBuildPhase section */

/* Begin XCBuildConfiguration section */
		1D6058940D05DD3E006BFB54 /* Debug */ = {
			isa = XCBuildConfiguration;
			buildSettings = {
				ALWAYS_SEARCH_USER_PATHS = NO;
				ARCHS = armv7;
				CONFIGURATION_BUILD_DIR = "$(BUILD_DIR)";
				COPY_PHASE_STRIP = NO;
				GCC_DYNAMIC_NO_PIC = NO;
				GCC_OPTIMIZATION_LEVEL = 0;
				GCC_PRECOMPILE_PREFIX_HEADER = YES;
				GCC_PREFIX_HEADER = Classes/iPhone_target_Prefix.pch;
				GCC_USE_INDIRECT_FUNCTION_CALLS = NO;
				INFOPLIST_FILE = Info.plist;
				IPHONEOS_DEPLOYMENT_TARGET = 5.0;
				LIBRARY_SEARCH_PATHS = (
					"\"/Users/freddeyles/Desktop/Current Work/unity-admanager/SSAdManager-iOS/Assets/Editor/ChartBoost/\"/**",
					"\"/Users/freddeyles/Desktop/Current Work/unity-admanager/SSAdManager-iOS/Assets/Editor/AdMob/\"/**",
					"\"/Users/freddeyles/Desktop/Current Work/unity-admanager/SSAdManager-iOS/Assets/Editor/AdMob/\"/**",
					"$(inherited)",
					"\"$(SRCROOT)\"",
					"\"$(SRCROOT)/Libraries\"",
					"\"$(SRCROOT)/Tapjoy\"",
				);
				OTHER_CFLAGS = "-mno-thumb";
				OTHER_LDFLAGS = (
					"-weak_framework",
					CoreMotion,
					"-weak-lSystem",
					"-all_load",
					"-ObjC",
				);
				PRODUCT_NAME = ssadmanagerios;
				SDKROOT = iphoneos;
				SUPPORTED_PLATFORMS = iphoneos;
				TARGETED_DEVICE_FAMILY = "1,2";
			};
			name = Debug;
		};
		1D6058950D05DD3E006BFB54 /* Release */ = {
			isa = XCBuildConfiguration;
			buildSettings = {
				ALWAYS_SEARCH_USER_PATHS = NO;
				ARCHS = armv7;
				CONFIGURATION_BUILD_DIR = "$(BUILD_DIR)";
				COPY_PHASE_STRIP = YES;
				DEBUG_INFORMATION_FORMAT = dwarf;
				GCC_PRECOMPILE_PREFIX_HEADER = YES;
				GCC_PREFIX_HEADER = Classes/iPhone_target_Prefix.pch;
				INFOPLIST_FILE = Info.plist;
				IPHONEOS_DEPLOYMENT_TARGET = 5.0;
				LIBRARY_SEARCH_PATHS = (
					"\"/Users/freddeyles/Desktop/Current Work/unity-admanager/SSAdManager-iOS/Assets/Editor/ChartBoost/\"/**",
					"\"/Users/freddeyles/Desktop/Current Work/unity-admanager/SSAdManager-iOS/Assets/Editor/AdMob/\"/**",
					"\"/Users/freddeyles/Desktop/Current Work/unity-admanager/SSAdManager-iOS/Assets/Editor/AdMob/\"/**",
					"$(inherited)",
					"\"$(SRCROOT)\"",
					"\"$(SRCROOT)/Libraries\"",
					"\"$(SRCROOT)/Tapjoy\"",
				);
				ONLY_ACTIVE_ARCH = NO;
				OTHER_CFLAGS = "-mno-thumb";
				OTHER_LDFLAGS = (
					"-weak_framework",
					CoreMotion,
					"-weak-lSystem",
					"-Wl,-S,-x",
					"-all_load",
					"-ObjC",
				);
				PRODUCT_NAME = ssadmanagerios;
				SDKROOT = iphoneos;
				SUPPORTED_PLATFORMS = iphoneos;
				TARGETED_DEVICE_FAMILY = "1,2";
			};
			name = Release;
		};
		C01FCF4F08A954540054247B /* Debug */ = {
			isa = XCBuildConfiguration;
			buildSettings = {
				ARCHS = armv7;
				"CODE_SIGN_IDENTITY[sdk=iphoneos*]" = "iPhone Developer";
				GCC_C_LANGUAGE_STANDARD = c99;
				GCC_ENABLE_CPP_EXCEPTIONS = NO;
				GCC_ENABLE_CPP_RTTI = NO;
				GCC_ENABLE_OBJC_EXCEPTIONS = YES;
				GCC_THUMB_SUPPORT = NO;
				GCC_USE_INDIRECT_FUNCTION_CALLS = YES;
				GCC_WARN_ABOUT_RETURN_TYPE = YES;
				GCC_WARN_UNUSED_VARIABLE = YES;
				ONLY_ACTIVE_ARCH = NO;
				OTHER_LDFLAGS = (
					"-all_load",
					"-ObjC",
				);
				PREBINDING = NO;
				SDKROOT = iphoneos;
				SUPPORTED_PLATFORMS = iphoneos;
			};
			name = Debug;
		};
		C01FCF5008A954540054247B /* Release */ = {
			isa = XCBuildConfiguration;
			buildSettings = {
				ARCHS = armv7;
				"CODE_SIGN_IDENTITY[sdk=iphoneos*]" = "iPhone Developer";
				GCC_C_LANGUAGE_STANDARD = c99;
				GCC_ENABLE_CPP_EXCEPTIONS = NO;
				GCC_ENABLE_CPP_RTTI = NO;
				GCC_ENABLE_OBJC_EXCEPTIONS = YES;
				GCC_GENERATE_DEBUGGING_SYMBOLS = NO;
				GCC_THUMB_SUPPORT = NO;
				GCC_USE_INDIRECT_FUNCTION_CALLS = NO;
				GCC_WARN_ABOUT_RETURN_TYPE = YES;
				GCC_WARN_UNUSED_VARIABLE = YES;
				OTHER_LDFLAGS = (
					"-Wl,-S,-x",
					"-all_load",
					"-ObjC",
				);
				PREBINDING = NO;
				SDKROOT = iphoneos;
				SUPPORTED_PLATFORMS = iphoneos;
			};
			name = Release;
		};
/* End XCBuildConfiguration section */

/* Begin XCConfigurationList section */
		1D6058960D05DD3E006BFB54 /* Build configuration list for PBXNativeTarget "Unity-iPhone" */ = {
			isa = XCConfigurationList;
			buildConfigurations = (
				1D6058950D05DD3E006BFB54 /* Release */,
				1D6058940D05DD3E006BFB54 /* Debug */,
			);
			defaultConfigurationIsVisible = 0;
			defaultConfigurationName = Release;
		};
		C01FCF4E08A954540054247B /* Build configuration list for PBXProject "Unity-iPhone" */ = {
			isa = XCConfigurationList;
			buildConfigurations = (
				C01FCF5008A954540054247B /* Release */,
				C01FCF4F08A954540054247B /* Debug */,
			);
			defaultConfigurationIsVisible = 0;
			defaultConfigurationName = Release;
		};
/* End XCConfigurationList section */
	};
	rootObject = 29B97313FDCFA39411CA2CEA /* Project object */;
}
